// !$*UTF8*$!
{
	archiveVersion = 1;
	classes = {
	};
	objectVersion = 46;
	objects = {

/* Begin PBXBuildFile section */
		A003037E18B10D2700277897 /* QuartzCore.framework in Frameworks */ = {isa = PBXBuildFile; fileRef = A003037D18B10D2700277897 /* QuartzCore.framework */; };
		A006E4E918B0C4E3000BEBA6 /* FUIAlertView.m in Sources */ = {isa = PBXBuildFile; fileRef = A006E4C118B0C4E3000BEBA6 /* FUIAlertView.m */; };
		A006E4EA18B0C4E3000BEBA6 /* FUIButton.m in Sources */ = {isa = PBXBuildFile; fileRef = A006E4C318B0C4E3000BEBA6 /* FUIButton.m */; };
		A006E4EB18B0C4E3000BEBA6 /* FUICellBackgroundView.m in Sources */ = {isa = PBXBuildFile; fileRef = A006E4C518B0C4E3000BEBA6 /* FUICellBackgroundView.m */; };
		A006E4EC18B0C4E3000BEBA6 /* FUIPopoverBackgroundView.m in Sources */ = {isa = PBXBuildFile; fileRef = A006E4C718B0C4E3000BEBA6 /* FUIPopoverBackgroundView.m */; };
		A006E4ED18B0C4E3000BEBA6 /* FUISegmentedControl.m in Sources */ = {isa = PBXBuildFile; fileRef = A006E4C918B0C4E3000BEBA6 /* FUISegmentedControl.m */; };
		A006E4EE18B0C4E3000BEBA6 /* FUISwitch.m in Sources */ = {isa = PBXBuildFile; fileRef = A006E4CB18B0C4E3000BEBA6 /* FUISwitch.m */; };
		A006E4EF18B0C4E3000BEBA6 /* FUITextField.m in Sources */ = {isa = PBXBuildFile; fileRef = A006E4CD18B0C4E3000BEBA6 /* FUITextField.m */; };
		A006E4F018B0C4E3000BEBA6 /* UIBarButtonItem+FlatUI.m in Sources */ = {isa = PBXBuildFile; fileRef = A006E4CF18B0C4E3000BEBA6 /* UIBarButtonItem+FlatUI.m */; };
		A006E4F118B0C4E3000BEBA6 /* UIColor+FlatUI.m in Sources */ = {isa = PBXBuildFile; fileRef = A006E4D118B0C4E3000BEBA6 /* UIColor+FlatUI.m */; };
		A006E4F218B0C4E3000BEBA6 /* UIFont+FlatUI.m in Sources */ = {isa = PBXBuildFile; fileRef = A006E4D318B0C4E3000BEBA6 /* UIFont+FlatUI.m */; };
		A006E4F318B0C4E3000BEBA6 /* UIImage+FlatUI.m in Sources */ = {isa = PBXBuildFile; fileRef = A006E4D518B0C4E3000BEBA6 /* UIImage+FlatUI.m */; };
		A006E4F418B0C4E3000BEBA6 /* UINavigationBar+FlatUI.m in Sources */ = {isa = PBXBuildFile; fileRef = A006E4D718B0C4E3000BEBA6 /* UINavigationBar+FlatUI.m */; };
		A006E4F518B0C4E3000BEBA6 /* UIPopoverController+FlatUI.m in Sources */ = {isa = PBXBuildFile; fileRef = A006E4D918B0C4E3000BEBA6 /* UIPopoverController+FlatUI.m */; };
		A006E4F618B0C4E3000BEBA6 /* UIProgressView+FlatUI.m in Sources */ = {isa = PBXBuildFile; fileRef = A006E4DB18B0C4E3000BEBA6 /* UIProgressView+FlatUI.m */; };
		A006E4F718B0C4E3000BEBA6 /* UISlider+FlatUI.m in Sources */ = {isa = PBXBuildFile; fileRef = A006E4DD18B0C4E3000BEBA6 /* UISlider+FlatUI.m */; };
		A006E4F818B0C4E3000BEBA6 /* UIStepper+FlatUI.m in Sources */ = {isa = PBXBuildFile; fileRef = A006E4DF18B0C4E3000BEBA6 /* UIStepper+FlatUI.m */; };
		A006E4F918B0C4E3000BEBA6 /* UITabBar+FlatUI.m in Sources */ = {isa = PBXBuildFile; fileRef = A006E4E118B0C4E3000BEBA6 /* UITabBar+FlatUI.m */; };
		A006E4FA18B0C4E3000BEBA6 /* UITableViewCell+FlatUI.m in Sources */ = {isa = PBXBuildFile; fileRef = A006E4E318B0C4E3000BEBA6 /* UITableViewCell+FlatUI.m */; };
		A006E4FB18B0C4E3000BEBA6 /* UIToolbar+FlatUI.m in Sources */ = {isa = PBXBuildFile; fileRef = A006E4E518B0C4E3000BEBA6 /* UIToolbar+FlatUI.m */; };
		A006E4FC18B0C4E3000BEBA6 /* UIScrollView+SpiralPullToRefresh.m in Sources */ = {isa = PBXBuildFile; fileRef = A006E4E818B0C4E3000BEBA6 /* UIScrollView+SpiralPullToRefresh.m */; };
		A006E4FE18B0C635000BEBA6 /* CoreText.framework in Frameworks */ = {isa = PBXBuildFile; fileRef = A006E4FD18B0C635000BEBA6 /* CoreText.framework */; };
		A05C3C2318B201A5006D9480 /* HistoryLogModel.m in Sources */ = {isa = PBXBuildFile; fileRef = A05C3C2218B201A5006D9480 /* HistoryLogModel.m */; };
		A05C3C2618B209AF006D9480 /* LogEntry.m in Sources */ = {isa = PBXBuildFile; fileRef = A05C3C2518B209AE006D9480 /* LogEntry.m */; };
		A05C3C3318B20BEF006D9480 /* FMDatabase.m in Sources */ = {isa = PBXBuildFile; fileRef = A05C3C2918B20BEF006D9480 /* FMDatabase.m */; };
		A05C3C3518B20BEF006D9480 /* FMDatabasePool.m in Sources */ = {isa = PBXBuildFile; fileRef = A05C3C2D18B20BEF006D9480 /* FMDatabasePool.m */; };
		A05C3C3618B20BEF006D9480 /* FMDatabaseQueue.m in Sources */ = {isa = PBXBuildFile; fileRef = A05C3C2F18B20BEF006D9480 /* FMDatabaseQueue.m */; };
		A05C3C3818B20BEF006D9480 /* FMResultSet.m in Sources */ = {isa = PBXBuildFile; fileRef = A05C3C3218B20BEF006D9480 /* FMResultSet.m */; };
		A05C3C3A18B20CB3006D9480 /* libsqlite3.dylib in Frameworks */ = {isa = PBXBuildFile; fileRef = A05C3C3918B20CB3006D9480 /* libsqlite3.dylib */; };
		A05C3C3D18B20DF8006D9480 /* HistoryViewController.m in Sources */ = {isa = PBXBuildFile; fileRef = A05C3C3C18B20DF8006D9480 /* HistoryViewController.m */; };
		A05C9D5E18B1098C000AEB6D /* ALAlertBanner.m in Sources */ = {isa = PBXBuildFile; fileRef = A05C9D5218B1098C000AEB6D /* ALAlertBanner.m */; };
		A05C9D5F18B1098C000AEB6D /* ALAlertBannerManager.m in Sources */ = {isa = PBXBuildFile; fileRef = A05C9D5418B1098C000AEB6D /* ALAlertBannerManager.m */; };
		A05C9D6018B1098C000AEB6D /* bannerAlert.png in Resources */ = {isa = PBXBuildFile; fileRef = A05C9D5618B1098C000AEB6D /* bannerAlert.png */; };
		A05C9D6118B1098C000AEB6D /* bannerAlert@2x.png in Resources */ = {isa = PBXBuildFile; fileRef = A05C9D5718B1098C000AEB6D /* bannerAlert@2x.png */; };
		A05C9D6218B1098C000AEB6D /* bannerFailure.png in Resources */ = {isa = PBXBuildFile; fileRef = A05C9D5818B1098C000AEB6D /* bannerFailure.png */; };
		A05C9D6318B1098C000AEB6D /* bannerFailure@2x.png in Resources */ = {isa = PBXBuildFile; fileRef = A05C9D5918B1098C000AEB6D /* bannerFailure@2x.png */; };
		A05C9D6418B1098C000AEB6D /* bannerNotify.png in Resources */ = {isa = PBXBuildFile; fileRef = A05C9D5A18B1098C000AEB6D /* bannerNotify.png */; };
		A05C9D6518B1098C000AEB6D /* bannerNotify@2x.png in Resources */ = {isa = PBXBuildFile; fileRef = A05C9D5B18B1098C000AEB6D /* bannerNotify@2x.png */; };
		A05C9D6618B1098C000AEB6D /* bannerSuccess.png in Resources */ = {isa = PBXBuildFile; fileRef = A05C9D5C18B1098C000AEB6D /* bannerSuccess.png */; };
		A05C9D6718B1098C000AEB6D /* bannerSuccess@2x.png in Resources */ = {isa = PBXBuildFile; fileRef = A05C9D5D18B1098C000AEB6D /* bannerSuccess@2x.png */; };
		A05F678318B2492600EDE205 /* CFNetwork.framework in Frameworks */ = {isa = PBXBuildFile; fileRef = A05F678218B2492600EDE205 /* CFNetwork.framework */; };
		A05F678518B2493800EDE205 /* libz.dylib in Frameworks */ = {isa = PBXBuildFile; fileRef = A05F678418B2493800EDE205 /* libz.dylib */; };
		A05F678718B2494200EDE205 /* CoreTelephony.framework in Frameworks */ = {isa = PBXBuildFile; fileRef = A05F678618B2494200EDE205 /* CoreTelephony.framework */; };
		A05F678918B2494800EDE205 /* CoreLocation.framework in Frameworks */ = {isa = PBXBuildFile; fileRef = A05F678818B2494800EDE205 /* CoreLocation.framework */; };
		A062906E18B0B32B00A4C5B0 /* UIKit.framework in Frameworks */ = {isa = PBXBuildFile; fileRef = A062906D18B0B32B00A4C5B0 /* UIKit.framework */; };
		A062907018B0B32B00A4C5B0 /* Foundation.framework in Frameworks */ = {isa = PBXBuildFile; fileRef = A062906F18B0B32B00A4C5B0 /* Foundation.framework */; };
		A062907218B0B32B00A4C5B0 /* CoreGraphics.framework in Frameworks */ = {isa = PBXBuildFile; fileRef = A062907118B0B32B00A4C5B0 /* CoreGraphics.framework */; };
		A062907818B0B32B00A4C5B0 /* InfoPlist.strings in Resources */ = {isa = PBXBuildFile; fileRef = A062907618B0B32B00A4C5B0 /* InfoPlist.strings */; };
		A062907A18B0B32B00A4C5B0 /* main.m in Sources */ = {isa = PBXBuildFile; fileRef = A062907918B0B32B00A4C5B0 /* main.m */; };
		A062907E18B0B32B00A4C5B0 /* AppDelegate.m in Sources */ = {isa = PBXBuildFile; fileRef = A062907D18B0B32B00A4C5B0 /* AppDelegate.m */; };
		A062908018B0B32B00A4C5B0 /* Default.png in Resources */ = {isa = PBXBuildFile; fileRef = A062907F18B0B32B00A4C5B0 /* Default.png */; };
		A062908218B0B32B00A4C5B0 /* Default@2x.png in Resources */ = {isa = PBXBuildFile; fileRef = A062908118B0B32B00A4C5B0 /* Default@2x.png */; };
		A062908418B0B32B00A4C5B0 /* Default-568h@2x.png in Resources */ = {isa = PBXBuildFile; fileRef = A062908318B0B32B00A4C5B0 /* Default-568h@2x.png */; };
		A062908718B0B32B00A4C5B0 /* MainStoryboard.storyboard in Resources */ = {isa = PBXBuildFile; fileRef = A062908518B0B32B00A4C5B0 /* MainStoryboard.storyboard */; };
		A062908A18B0B32B00A4C5B0 /* ViewController.m in Sources */ = {isa = PBXBuildFile; fileRef = A062908918B0B32B00A4C5B0 /* ViewController.m */; };
		A062909218B0B32B00A4C5B0 /* SenTestingKit.framework in Frameworks */ = {isa = PBXBuildFile; fileRef = A062909118B0B32B00A4C5B0 /* SenTestingKit.framework */; };
		A062909318B0B32B00A4C5B0 /* UIKit.framework in Frameworks */ = {isa = PBXBuildFile; fileRef = A062906D18B0B32B00A4C5B0 /* UIKit.framework */; };
		A062909418B0B32B00A4C5B0 /* Foundation.framework in Frameworks */ = {isa = PBXBuildFile; fileRef = A062906F18B0B32B00A4C5B0 /* Foundation.framework */; };
		A062909C18B0B32B00A4C5B0 /* InfoPlist.strings in Resources */ = {isa = PBXBuildFile; fileRef = A062909A18B0B32B00A4C5B0 /* InfoPlist.strings */; };
		A062909F18B0B32B00A4C5B0 /* FacedoorTests.m in Sources */ = {isa = PBXBuildFile; fileRef = A062909E18B0B32B00A4C5B0 /* FacedoorTests.m */; };
		A09F8B6B18B24F5600A75BA2 /* libUAirship-2.1.0.a in Frameworks */ = {isa = PBXBuildFile; fileRef = A09F8B0918B24F5600A75BA2 /* libUAirship-2.1.0.a */; };
		A09F8BA418B2511500A75BA2 /* AirshipConfig.plist in Resources */ = {isa = PBXBuildFile; fileRef = A09F8BA318B2511500A75BA2 /* AirshipConfig.plist */; };
		A09F8BA718B25BF500A75BA2 /* LogEntryCell.m in Sources */ = {isa = PBXBuildFile; fileRef = A09F8BA618B25BF500A75BA2 /* LogEntryCell.m */; };
		A0BA5A9B18B1F4140090D7AA /* IISideController.m in Sources */ = {isa = PBXBuildFile; fileRef = A0BA5A9618B1F4140090D7AA /* IISideController.m */; };
		A0BA5A9C18B1F4140090D7AA /* IIViewDeckController.m in Sources */ = {isa = PBXBuildFile; fileRef = A0BA5A9818B1F4140090D7AA /* IIViewDeckController.m */; };
		A0BA5A9D18B1F4140090D7AA /* IIWrapController.m in Sources */ = {isa = PBXBuildFile; fileRef = A0BA5A9A18B1F4140090D7AA /* IIWrapController.m */; };
		A0BA5AA318B1FA720090D7AA /* LICENSE in Resources */ = {isa = PBXBuildFile; fileRef = A0BA5A9F18B1FA720090D7AA /* LICENSE */; };
		A0BA5AA418B1FA720090D7AA /* NSDate+TimeAgo.m in Sources */ = {isa = PBXBuildFile; fileRef = A0BA5AA118B1FA720090D7AA /* NSDate+TimeAgo.m */; };
		A0BA5AA518B1FA720090D7AA /* NSDateTimeAgo.bundle in Resources */ = {isa = PBXBuildFile; fileRef = A0BA5AA218B1FA720090D7AA /* NSDateTimeAgo.bundle */; };
		A0C1416718B12B070013A8BD /* NSData+Base64_Data.m in Sources */ = {isa = PBXBuildFile; fileRef = A0C1416618B12B070013A8BD /* NSData+Base64_Data.m */; };
		A0D17EB918B0CFDF00B5BFFF /* AFHTTPClient.m in Sources */ = {isa = PBXBuildFile; fileRef = A0D17EA718B0CFDF00B5BFFF /* AFHTTPClient.m */; };
		A0D17EBA18B0CFDF00B5BFFF /* AFHTTPRequestOperation.m in Sources */ = {isa = PBXBuildFile; fileRef = A0D17EA918B0CFDF00B5BFFF /* AFHTTPRequestOperation.m */; };
		A0D17EBB18B0CFDF00B5BFFF /* AFImageRequestOperation.m in Sources */ = {isa = PBXBuildFile; fileRef = A0D17EAB18B0CFDF00B5BFFF /* AFImageRequestOperation.m */; };
		A0D17EBC18B0CFDF00B5BFFF /* AFJSONRequestOperation.m in Sources */ = {isa = PBXBuildFile; fileRef = A0D17EAD18B0CFDF00B5BFFF /* AFJSONRequestOperation.m */; };
		A0D17EBD18B0CFDF00B5BFFF /* AFNetworkActivityIndicatorManager.m in Sources */ = {isa = PBXBuildFile; fileRef = A0D17EAF18B0CFDF00B5BFFF /* AFNetworkActivityIndicatorManager.m */; };
		A0D17EBE18B0CFDF00B5BFFF /* AFPropertyListRequestOperation.m in Sources */ = {isa = PBXBuildFile; fileRef = A0D17EB218B0CFDF00B5BFFF /* AFPropertyListRequestOperation.m */; };
		A0D17EBF18B0CFDF00B5BFFF /* AFURLConnectionOperation.m in Sources */ = {isa = PBXBuildFile; fileRef = A0D17EB418B0CFDF00B5BFFF /* AFURLConnectionOperation.m */; };
		A0D17EC018B0CFDF00B5BFFF /* AFXMLRequestOperation.m in Sources */ = {isa = PBXBuildFile; fileRef = A0D17EB618B0CFDF00B5BFFF /* AFXMLRequestOperation.m */; };
		A0D17EC118B0CFDF00B5BFFF /* UIImageView+AFNetworking.m in Sources */ = {isa = PBXBuildFile; fileRef = A0D17EB818B0CFDF00B5BFFF /* UIImageView+AFNetworking.m */; };
		A0D17EC318B0D3D300B5BFFF /* SystemConfiguration.framework in Frameworks */ = {isa = PBXBuildFile; fileRef = A0D17EC218B0D3D300B5BFFF /* SystemConfiguration.framework */; };
		A0D17EC518B0D3DB00B5BFFF /* MobileCoreServices.framework in Frameworks */ = {isa = PBXBuildFile; fileRef = A0D17EC418B0D3DB00B5BFFF /* MobileCoreServices.framework */; };
		A0D17EC718B0D3E300B5BFFF /* Security.framework in Frameworks */ = {isa = PBXBuildFile; fileRef = A0D17EC618B0D3E300B5BFFF /* Security.framework */; };
		A0D17ECB18B0D9EC00B5BFFF /* MNMRemoteImageView.m in Sources */ = {isa = PBXBuildFile; fileRef = A0D17ECA18B0D9EC00B5BFFF /* MNMRemoteImageView.m */; };
		A0D17ED318B0EC8000B5BFFF /* FacedoorModel.m in Sources */ = {isa = PBXBuildFile; fileRef = A0D17ED218B0EC8000B5BFFF /* FacedoorModel.m */; };
		A0D17EEB18B0F3FF00B5BFFF /* CLIColor.m in Sources */ = {isa = PBXBuildFile; fileRef = A0D17ED718B0F3FF00B5BFFF /* CLIColor.m */; };
		A0D17EEC18B0F3FF00B5BFFF /* DDAbstractDatabaseLogger.m in Sources */ = {isa = PBXBuildFile; fileRef = A0D17ED918B0F3FF00B5BFFF /* DDAbstractDatabaseLogger.m */; };
		A0D17EED18B0F3FF00B5BFFF /* DDASLLogger.m in Sources */ = {isa = PBXBuildFile; fileRef = A0D17EDB18B0F3FF00B5BFFF /* DDASLLogger.m */; };
		A0D17EEE18B0F3FF00B5BFFF /* DDFileLogger.m in Sources */ = {isa = PBXBuildFile; fileRef = A0D17EDD18B0F3FF00B5BFFF /* DDFileLogger.m */; };
		A0D17EEF18B0F3FF00B5BFFF /* DDLog.m in Sources */ = {isa = PBXBuildFile; fileRef = A0D17EE018B0F3FF00B5BFFF /* DDLog.m */; };
		A0D17EF018B0F3FF00B5BFFF /* DDTTYLogger.m in Sources */ = {isa = PBXBuildFile; fileRef = A0D17EE218B0F3FF00B5BFFF /* DDTTYLogger.m */; };
		A0D17EF118B0F3FF00B5BFFF /* DDContextFilterLogFormatter.m in Sources */ = {isa = PBXBuildFile; fileRef = A0D17EE518B0F3FF00B5BFFF /* DDContextFilterLogFormatter.m */; };
		A0D17EF218B0F3FF00B5BFFF /* DDDispatchQueueLogFormatter.m in Sources */ = {isa = PBXBuildFile; fileRef = A0D17EE718B0F3FF00B5BFFF /* DDDispatchQueueLogFormatter.m */; };
		A0D17EF318B0F3FF00B5BFFF /* DDMultiFormatter.m in Sources */ = {isa = PBXBuildFile; fileRef = A0D17EE918B0F3FF00B5BFFF /* DDMultiFormatter.m */; };
		A0D17EF418B0F3FF00B5BFFF /* README.txt in Resources */ = {isa = PBXBuildFile; fileRef = A0D17EEA18B0F3FF00B5BFFF /* README.txt */; };
/* End PBXBuildFile section */

/* Begin PBXContainerItemProxy section */
		A062909518B0B32B00A4C5B0 /* PBXContainerItemProxy */ = {
			isa = PBXContainerItemProxy;
			containerPortal = A062906218B0B32B00A4C5B0 /* Project object */;
			proxyType = 1;
			remoteGlobalIDString = A062906918B0B32B00A4C5B0;
			remoteInfo = Facedoor;
		};
/* End PBXContainerItemProxy section */

/* Begin PBXFileReference section */
		A003037D18B10D2700277897 /* QuartzCore.framework */ = {isa = PBXFileReference; lastKnownFileType = wrapper.framework; name = QuartzCore.framework; path = System/Library/Frameworks/QuartzCore.framework; sourceTree = SDKROOT; };
		A006E4BF18B0C4E3000BEBA6 /* FlatUIKit.h */ = {isa = PBXFileReference; fileEncoding = 4; lastKnownFileType = sourcecode.c.h; path = FlatUIKit.h; sourceTree = "<group>"; };
		A006E4C018B0C4E3000BEBA6 /* FUIAlertView.h */ = {isa = PBXFileReference; fileEncoding = 4; lastKnownFileType = sourcecode.c.h; path = FUIAlertView.h; sourceTree = "<group>"; };
		A006E4C118B0C4E3000BEBA6 /* FUIAlertView.m */ = {isa = PBXFileReference; fileEncoding = 4; lastKnownFileType = sourcecode.c.objc; path = FUIAlertView.m; sourceTree = "<group>"; };
		A006E4C218B0C4E3000BEBA6 /* FUIButton.h */ = {isa = PBXFileReference; fileEncoding = 4; lastKnownFileType = sourcecode.c.h; path = FUIButton.h; sourceTree = "<group>"; };
		A006E4C318B0C4E3000BEBA6 /* FUIButton.m */ = {isa = PBXFileReference; fileEncoding = 4; lastKnownFileType = sourcecode.c.objc; path = FUIButton.m; sourceTree = "<group>"; };
		A006E4C418B0C4E3000BEBA6 /* FUICellBackgroundView.h */ = {isa = PBXFileReference; fileEncoding = 4; lastKnownFileType = sourcecode.c.h; path = FUICellBackgroundView.h; sourceTree = "<group>"; };
		A006E4C518B0C4E3000BEBA6 /* FUICellBackgroundView.m */ = {isa = PBXFileReference; fileEncoding = 4; lastKnownFileType = sourcecode.c.objc; path = FUICellBackgroundView.m; sourceTree = "<group>"; };
		A006E4C618B0C4E3000BEBA6 /* FUIPopoverBackgroundView.h */ = {isa = PBXFileReference; fileEncoding = 4; lastKnownFileType = sourcecode.c.h; path = FUIPopoverBackgroundView.h; sourceTree = "<group>"; };
		A006E4C718B0C4E3000BEBA6 /* FUIPopoverBackgroundView.m */ = {isa = PBXFileReference; fileEncoding = 4; lastKnownFileType = sourcecode.c.objc; path = FUIPopoverBackgroundView.m; sourceTree = "<group>"; };
		A006E4C818B0C4E3000BEBA6 /* FUISegmentedControl.h */ = {isa = PBXFileReference; fileEncoding = 4; lastKnownFileType = sourcecode.c.h; path = FUISegmentedControl.h; sourceTree = "<group>"; };
		A006E4C918B0C4E3000BEBA6 /* FUISegmentedControl.m */ = {isa = PBXFileReference; fileEncoding = 4; lastKnownFileType = sourcecode.c.objc; path = FUISegmentedControl.m; sourceTree = "<group>"; };
		A006E4CA18B0C4E3000BEBA6 /* FUISwitch.h */ = {isa = PBXFileReference; fileEncoding = 4; lastKnownFileType = sourcecode.c.h; path = FUISwitch.h; sourceTree = "<group>"; };
		A006E4CB18B0C4E3000BEBA6 /* FUISwitch.m */ = {isa = PBXFileReference; fileEncoding = 4; lastKnownFileType = sourcecode.c.objc; path = FUISwitch.m; sourceTree = "<group>"; };
		A006E4CC18B0C4E3000BEBA6 /* FUITextField.h */ = {isa = PBXFileReference; fileEncoding = 4; lastKnownFileType = sourcecode.c.h; path = FUITextField.h; sourceTree = "<group>"; };
		A006E4CD18B0C4E3000BEBA6 /* FUITextField.m */ = {isa = PBXFileReference; fileEncoding = 4; lastKnownFileType = sourcecode.c.objc; path = FUITextField.m; sourceTree = "<group>"; };
		A006E4CE18B0C4E3000BEBA6 /* UIBarButtonItem+FlatUI.h */ = {isa = PBXFileReference; fileEncoding = 4; lastKnownFileType = sourcecode.c.h; path = "UIBarButtonItem+FlatUI.h"; sourceTree = "<group>"; };
		A006E4CF18B0C4E3000BEBA6 /* UIBarButtonItem+FlatUI.m */ = {isa = PBXFileReference; fileEncoding = 4; lastKnownFileType = sourcecode.c.objc; path = "UIBarButtonItem+FlatUI.m"; sourceTree = "<group>"; };
		A006E4D018B0C4E3000BEBA6 /* UIColor+FlatUI.h */ = {isa = PBXFileReference; fileEncoding = 4; lastKnownFileType = sourcecode.c.h; path = "UIColor+FlatUI.h"; sourceTree = "<group>"; };
		A006E4D118B0C4E3000BEBA6 /* UIColor+FlatUI.m */ = {isa = PBXFileReference; fileEncoding = 4; lastKnownFileType = sourcecode.c.objc; path = "UIColor+FlatUI.m"; sourceTree = "<group>"; };
		A006E4D218B0C4E3000BEBA6 /* UIFont+FlatUI.h */ = {isa = PBXFileReference; fileEncoding = 4; lastKnownFileType = sourcecode.c.h; path = "UIFont+FlatUI.h"; sourceTree = "<group>"; };
		A006E4D318B0C4E3000BEBA6 /* UIFont+FlatUI.m */ = {isa = PBXFileReference; fileEncoding = 4; lastKnownFileType = sourcecode.c.objc; path = "UIFont+FlatUI.m"; sourceTree = "<group>"; };
		A006E4D418B0C4E3000BEBA6 /* UIImage+FlatUI.h */ = {isa = PBXFileReference; fileEncoding = 4; lastKnownFileType = sourcecode.c.h; path = "UIImage+FlatUI.h"; sourceTree = "<group>"; };
		A006E4D518B0C4E3000BEBA6 /* UIImage+FlatUI.m */ = {isa = PBXFileReference; fileEncoding = 4; lastKnownFileType = sourcecode.c.objc; path = "UIImage+FlatUI.m"; sourceTree = "<group>"; };
		A006E4D618B0C4E3000BEBA6 /* UINavigationBar+FlatUI.h */ = {isa = PBXFileReference; fileEncoding = 4; lastKnownFileType = sourcecode.c.h; path = "UINavigationBar+FlatUI.h"; sourceTree = "<group>"; };
		A006E4D718B0C4E3000BEBA6 /* UINavigationBar+FlatUI.m */ = {isa = PBXFileReference; fileEncoding = 4; lastKnownFileType = sourcecode.c.objc; path = "UINavigationBar+FlatUI.m"; sourceTree = "<group>"; };
		A006E4D818B0C4E3000BEBA6 /* UIPopoverController+FlatUI.h */ = {isa = PBXFileReference; fileEncoding = 4; lastKnownFileType = sourcecode.c.h; path = "UIPopoverController+FlatUI.h"; sourceTree = "<group>"; };
		A006E4D918B0C4E3000BEBA6 /* UIPopoverController+FlatUI.m */ = {isa = PBXFileReference; fileEncoding = 4; lastKnownFileType = sourcecode.c.objc; path = "UIPopoverController+FlatUI.m"; sourceTree = "<group>"; };
		A006E4DA18B0C4E3000BEBA6 /* UIProgressView+FlatUI.h */ = {isa = PBXFileReference; fileEncoding = 4; lastKnownFileType = sourcecode.c.h; path = "UIProgressView+FlatUI.h"; sourceTree = "<group>"; };
		A006E4DB18B0C4E3000BEBA6 /* UIProgressView+FlatUI.m */ = {isa = PBXFileReference; fileEncoding = 4; lastKnownFileType = sourcecode.c.objc; path = "UIProgressView+FlatUI.m"; sourceTree = "<group>"; };
		A006E4DC18B0C4E3000BEBA6 /* UISlider+FlatUI.h */ = {isa = PBXFileReference; fileEncoding = 4; lastKnownFileType = sourcecode.c.h; path = "UISlider+FlatUI.h"; sourceTree = "<group>"; };
		A006E4DD18B0C4E3000BEBA6 /* UISlider+FlatUI.m */ = {isa = PBXFileReference; fileEncoding = 4; lastKnownFileType = sourcecode.c.objc; path = "UISlider+FlatUI.m"; sourceTree = "<group>"; };
		A006E4DE18B0C4E3000BEBA6 /* UIStepper+FlatUI.h */ = {isa = PBXFileReference; fileEncoding = 4; lastKnownFileType = sourcecode.c.h; path = "UIStepper+FlatUI.h"; sourceTree = "<group>"; };
		A006E4DF18B0C4E3000BEBA6 /* UIStepper+FlatUI.m */ = {isa = PBXFileReference; fileEncoding = 4; lastKnownFileType = sourcecode.c.objc; path = "UIStepper+FlatUI.m"; sourceTree = "<group>"; };
		A006E4E018B0C4E3000BEBA6 /* UITabBar+FlatUI.h */ = {isa = PBXFileReference; fileEncoding = 4; lastKnownFileType = sourcecode.c.h; path = "UITabBar+FlatUI.h"; sourceTree = "<group>"; };
		A006E4E118B0C4E3000BEBA6 /* UITabBar+FlatUI.m */ = {isa = PBXFileReference; fileEncoding = 4; lastKnownFileType = sourcecode.c.objc; path = "UITabBar+FlatUI.m"; sourceTree = "<group>"; };
		A006E4E218B0C4E3000BEBA6 /* UITableViewCell+FlatUI.h */ = {isa = PBXFileReference; fileEncoding = 4; lastKnownFileType = sourcecode.c.h; path = "UITableViewCell+FlatUI.h"; sourceTree = "<group>"; };
		A006E4E318B0C4E3000BEBA6 /* UITableViewCell+FlatUI.m */ = {isa = PBXFileReference; fileEncoding = 4; lastKnownFileType = sourcecode.c.objc; path = "UITableViewCell+FlatUI.m"; sourceTree = "<group>"; };
		A006E4E418B0C4E3000BEBA6 /* UIToolbar+FlatUI.h */ = {isa = PBXFileReference; fileEncoding = 4; lastKnownFileType = sourcecode.c.h; path = "UIToolbar+FlatUI.h"; sourceTree = "<group>"; };
		A006E4E518B0C4E3000BEBA6 /* UIToolbar+FlatUI.m */ = {isa = PBXFileReference; fileEncoding = 4; lastKnownFileType = sourcecode.c.objc; path = "UIToolbar+FlatUI.m"; sourceTree = "<group>"; };
		A006E4E718B0C4E3000BEBA6 /* UIScrollView+SpiralPullToRefresh.h */ = {isa = PBXFileReference; fileEncoding = 4; lastKnownFileType = sourcecode.c.h; path = "UIScrollView+SpiralPullToRefresh.h"; sourceTree = "<group>"; };
		A006E4E818B0C4E3000BEBA6 /* UIScrollView+SpiralPullToRefresh.m */ = {isa = PBXFileReference; fileEncoding = 4; lastKnownFileType = sourcecode.c.objc; path = "UIScrollView+SpiralPullToRefresh.m"; sourceTree = "<group>"; };
		A006E4FD18B0C635000BEBA6 /* CoreText.framework */ = {isa = PBXFileReference; lastKnownFileType = wrapper.framework; name = CoreText.framework; path = System/Library/Frameworks/CoreText.framework; sourceTree = SDKROOT; };
		A05C3C2118B201A5006D9480 /* HistoryLogModel.h */ = {isa = PBXFileReference; fileEncoding = 4; lastKnownFileType = sourcecode.c.h; path = HistoryLogModel.h; sourceTree = "<group>"; };
		A05C3C2218B201A5006D9480 /* HistoryLogModel.m */ = {isa = PBXFileReference; fileEncoding = 4; lastKnownFileType = sourcecode.c.objc; path = HistoryLogModel.m; sourceTree = "<group>"; };
		A05C3C2418B209AE006D9480 /* LogEntry.h */ = {isa = PBXFileReference; fileEncoding = 4; lastKnownFileType = sourcecode.c.h; path = LogEntry.h; sourceTree = "<group>"; };
		A05C3C2518B209AE006D9480 /* LogEntry.m */ = {isa = PBXFileReference; fileEncoding = 4; lastKnownFileType = sourcecode.c.objc; path = LogEntry.m; sourceTree = "<group>"; };
		A05C3C2818B20BEF006D9480 /* FMDatabase.h */ = {isa = PBXFileReference; fileEncoding = 4; lastKnownFileType = sourcecode.c.h; path = FMDatabase.h; sourceTree = "<group>"; };
		A05C3C2918B20BEF006D9480 /* FMDatabase.m */ = {isa = PBXFileReference; fileEncoding = 4; lastKnownFileType = sourcecode.c.objc; path = FMDatabase.m; sourceTree = "<group>"; };
		A05C3C2C18B20BEF006D9480 /* FMDatabasePool.h */ = {isa = PBXFileReference; fileEncoding = 4; lastKnownFileType = sourcecode.c.h; path = FMDatabasePool.h; sourceTree = "<group>"; };
		A05C3C2D18B20BEF006D9480 /* FMDatabasePool.m */ = {isa = PBXFileReference; fileEncoding = 4; lastKnownFileType = sourcecode.c.objc; path = FMDatabasePool.m; sourceTree = "<group>"; };
		A05C3C2E18B20BEF006D9480 /* FMDatabaseQueue.h */ = {isa = PBXFileReference; fileEncoding = 4; lastKnownFileType = sourcecode.c.h; path = FMDatabaseQueue.h; sourceTree = "<group>"; };
		A05C3C2F18B20BEF006D9480 /* FMDatabaseQueue.m */ = {isa = PBXFileReference; fileEncoding = 4; lastKnownFileType = sourcecode.c.objc; path = FMDatabaseQueue.m; sourceTree = "<group>"; };
		A05C3C3118B20BEF006D9480 /* FMResultSet.h */ = {isa = PBXFileReference; fileEncoding = 4; lastKnownFileType = sourcecode.c.h; path = FMResultSet.h; sourceTree = "<group>"; };
		A05C3C3218B20BEF006D9480 /* FMResultSet.m */ = {isa = PBXFileReference; fileEncoding = 4; lastKnownFileType = sourcecode.c.objc; path = FMResultSet.m; sourceTree = "<group>"; };
		A05C3C3918B20CB3006D9480 /* libsqlite3.dylib */ = {isa = PBXFileReference; lastKnownFileType = "compiled.mach-o.dylib"; name = libsqlite3.dylib; path = usr/lib/libsqlite3.dylib; sourceTree = SDKROOT; };
		A05C3C3B18B20DF8006D9480 /* HistoryViewController.h */ = {isa = PBXFileReference; fileEncoding = 4; lastKnownFileType = sourcecode.c.h; path = HistoryViewController.h; sourceTree = "<group>"; };
		A05C3C3C18B20DF8006D9480 /* HistoryViewController.m */ = {isa = PBXFileReference; fileEncoding = 4; lastKnownFileType = sourcecode.c.objc; path = HistoryViewController.m; sourceTree = "<group>"; };
		A05C9D5018B1098C000AEB6D /* ALAlertBanner+Private.h */ = {isa = PBXFileReference; fileEncoding = 4; lastKnownFileType = sourcecode.c.h; path = "ALAlertBanner+Private.h"; sourceTree = "<group>"; };
		A05C9D5118B1098C000AEB6D /* ALAlertBanner.h */ = {isa = PBXFileReference; fileEncoding = 4; lastKnownFileType = sourcecode.c.h; path = ALAlertBanner.h; sourceTree = "<group>"; };
		A05C9D5218B1098C000AEB6D /* ALAlertBanner.m */ = {isa = PBXFileReference; fileEncoding = 4; lastKnownFileType = sourcecode.c.objc; path = ALAlertBanner.m; sourceTree = "<group>"; };
		A05C9D5318B1098C000AEB6D /* ALAlertBannerManager.h */ = {isa = PBXFileReference; fileEncoding = 4; lastKnownFileType = sourcecode.c.h; path = ALAlertBannerManager.h; sourceTree = "<group>"; };
		A05C9D5418B1098C000AEB6D /* ALAlertBannerManager.m */ = {isa = PBXFileReference; fileEncoding = 4; lastKnownFileType = sourcecode.c.objc; path = ALAlertBannerManager.m; sourceTree = "<group>"; };
		A05C9D5618B1098C000AEB6D /* bannerAlert.png */ = {isa = PBXFileReference; lastKnownFileType = image.png; path = bannerAlert.png; sourceTree = "<group>"; };
		A05C9D5718B1098C000AEB6D /* bannerAlert@2x.png */ = {isa = PBXFileReference; lastKnownFileType = image.png; path = "bannerAlert@2x.png"; sourceTree = "<group>"; };
		A05C9D5818B1098C000AEB6D /* bannerFailure.png */ = {isa = PBXFileReference; lastKnownFileType = image.png; path = bannerFailure.png; sourceTree = "<group>"; };
		A05C9D5918B1098C000AEB6D /* bannerFailure@2x.png */ = {isa = PBXFileReference; lastKnownFileType = image.png; path = "bannerFailure@2x.png"; sourceTree = "<group>"; };
		A05C9D5A18B1098C000AEB6D /* bannerNotify.png */ = {isa = PBXFileReference; lastKnownFileType = image.png; path = bannerNotify.png; sourceTree = "<group>"; };
		A05C9D5B18B1098C000AEB6D /* bannerNotify@2x.png */ = {isa = PBXFileReference; lastKnownFileType = image.png; path = "bannerNotify@2x.png"; sourceTree = "<group>"; };
		A05C9D5C18B1098C000AEB6D /* bannerSuccess.png */ = {isa = PBXFileReference; lastKnownFileType = image.png; path = bannerSuccess.png; sourceTree = "<group>"; };
		A05C9D5D18B1098C000AEB6D /* bannerSuccess@2x.png */ = {isa = PBXFileReference; lastKnownFileType = image.png; path = "bannerSuccess@2x.png"; sourceTree = "<group>"; };
		A05F678218B2492600EDE205 /* CFNetwork.framework */ = {isa = PBXFileReference; lastKnownFileType = wrapper.framework; name = CFNetwork.framework; path = System/Library/Frameworks/CFNetwork.framework; sourceTree = SDKROOT; };
		A05F678418B2493800EDE205 /* libz.dylib */ = {isa = PBXFileReference; lastKnownFileType = "compiled.mach-o.dylib"; name = libz.dylib; path = usr/lib/libz.dylib; sourceTree = SDKROOT; };
		A05F678618B2494200EDE205 /* CoreTelephony.framework */ = {isa = PBXFileReference; lastKnownFileType = wrapper.framework; name = CoreTelephony.framework; path = System/Library/Frameworks/CoreTelephony.framework; sourceTree = SDKROOT; };
		A05F678818B2494800EDE205 /* CoreLocation.framework */ = {isa = PBXFileReference; lastKnownFileType = wrapper.framework; name = CoreLocation.framework; path = System/Library/Frameworks/CoreLocation.framework; sourceTree = SDKROOT; };
		A062906A18B0B32B00A4C5B0 /* Facedoor.app */ = {isa = PBXFileReference; explicitFileType = wrapper.application; includeInIndex = 0; path = Facedoor.app; sourceTree = BUILT_PRODUCTS_DIR; };
		A062906D18B0B32B00A4C5B0 /* UIKit.framework */ = {isa = PBXFileReference; lastKnownFileType = wrapper.framework; name = UIKit.framework; path = System/Library/Frameworks/UIKit.framework; sourceTree = SDKROOT; };
		A062906F18B0B32B00A4C5B0 /* Foundation.framework */ = {isa = PBXFileReference; lastKnownFileType = wrapper.framework; name = Foundation.framework; path = System/Library/Frameworks/Foundation.framework; sourceTree = SDKROOT; };
		A062907118B0B32B00A4C5B0 /* CoreGraphics.framework */ = {isa = PBXFileReference; lastKnownFileType = wrapper.framework; name = CoreGraphics.framework; path = System/Library/Frameworks/CoreGraphics.framework; sourceTree = SDKROOT; };
		A062907518B0B32B00A4C5B0 /* Facedoor-Info.plist */ = {isa = PBXFileReference; lastKnownFileType = text.plist.xml; path = "Facedoor-Info.plist"; sourceTree = "<group>"; };
		A062907718B0B32B00A4C5B0 /* en */ = {isa = PBXFileReference; lastKnownFileType = text.plist.strings; name = en; path = en.lproj/InfoPlist.strings; sourceTree = "<group>"; };
		A062907918B0B32B00A4C5B0 /* main.m */ = {isa = PBXFileReference; lastKnownFileType = sourcecode.c.objc; path = main.m; sourceTree = "<group>"; };
		A062907B18B0B32B00A4C5B0 /* Facedoor-Prefix.pch */ = {isa = PBXFileReference; lastKnownFileType = sourcecode.c.h; path = "Facedoor-Prefix.pch"; sourceTree = "<group>"; };
		A062907C18B0B32B00A4C5B0 /* AppDelegate.h */ = {isa = PBXFileReference; lastKnownFileType = sourcecode.c.h; path = AppDelegate.h; sourceTree = "<group>"; };
		A062907D18B0B32B00A4C5B0 /* AppDelegate.m */ = {isa = PBXFileReference; lastKnownFileType = sourcecode.c.objc; path = AppDelegate.m; sourceTree = "<group>"; };
		A062907F18B0B32B00A4C5B0 /* Default.png */ = {isa = PBXFileReference; lastKnownFileType = image.png; path = Default.png; sourceTree = "<group>"; };
		A062908118B0B32B00A4C5B0 /* Default@2x.png */ = {isa = PBXFileReference; lastKnownFileType = image.png; path = "Default@2x.png"; sourceTree = "<group>"; };
		A062908318B0B32B00A4C5B0 /* Default-568h@2x.png */ = {isa = PBXFileReference; lastKnownFileType = image.png; path = "Default-568h@2x.png"; sourceTree = "<group>"; };
		A062908618B0B32B00A4C5B0 /* en */ = {isa = PBXFileReference; lastKnownFileType = file.storyboard; name = en; path = en.lproj/MainStoryboard.storyboard; sourceTree = "<group>"; };
		A062908818B0B32B00A4C5B0 /* ViewController.h */ = {isa = PBXFileReference; lastKnownFileType = sourcecode.c.h; path = ViewController.h; sourceTree = "<group>"; };
		A062908918B0B32B00A4C5B0 /* ViewController.m */ = {isa = PBXFileReference; lastKnownFileType = sourcecode.c.objc; path = ViewController.m; sourceTree = "<group>"; };
		A062909018B0B32B00A4C5B0 /* FacedoorTests.octest */ = {isa = PBXFileReference; explicitFileType = wrapper.cfbundle; includeInIndex = 0; path = FacedoorTests.octest; sourceTree = BUILT_PRODUCTS_DIR; };
		A062909118B0B32B00A4C5B0 /* SenTestingKit.framework */ = {isa = PBXFileReference; lastKnownFileType = wrapper.framework; name = SenTestingKit.framework; path = Library/Frameworks/SenTestingKit.framework; sourceTree = DEVELOPER_DIR; };
		A062909918B0B32B00A4C5B0 /* FacedoorTests-Info.plist */ = {isa = PBXFileReference; lastKnownFileType = text.plist.xml; path = "FacedoorTests-Info.plist"; sourceTree = "<group>"; };
		A062909B18B0B32B00A4C5B0 /* en */ = {isa = PBXFileReference; lastKnownFileType = text.plist.strings; name = en; path = en.lproj/InfoPlist.strings; sourceTree = "<group>"; };
		A062909D18B0B32B00A4C5B0 /* FacedoorTests.h */ = {isa = PBXFileReference; lastKnownFileType = sourcecode.c.h; path = FacedoorTests.h; sourceTree = "<group>"; };
		A062909E18B0B32B00A4C5B0 /* FacedoorTests.m */ = {isa = PBXFileReference; lastKnownFileType = sourcecode.c.objc; path = FacedoorTests.m; sourceTree = "<group>"; };
		A09F8AD618B24F5600A75BA2 /* UAAnalytics.h */ = {isa = PBXFileReference; fileEncoding = 4; lastKnownFileType = sourcecode.c.h; path = UAAnalytics.h; sourceTree = "<group>"; };
		A09F8AD718B24F5600A75BA2 /* UAAnalyticsDBManager.h */ = {isa = PBXFileReference; fileEncoding = 4; lastKnownFileType = sourcecode.c.h; path = UAAnalyticsDBManager.h; sourceTree = "<group>"; };
		A09F8AD818B24F5600A75BA2 /* UAAutoAppDelegate.h */ = {isa = PBXFileReference; fileEncoding = 4; lastKnownFileType = sourcecode.c.h; path = UAAutoAppDelegate.h; sourceTree = "<group>"; };
		A09F8AD918B24F5600A75BA2 /* UABaseAppDelegateSurrogate.h */ = {isa = PBXFileReference; fileEncoding = 4; lastKnownFileType = sourcecode.c.h; path = UABaseAppDelegateSurrogate.h; sourceTree = "<group>"; };
		A09F8ADA18B24F5600A75BA2 /* UABaseLocationProvider.h */ = {isa = PBXFileReference; fileEncoding = 4; lastKnownFileType = sourcecode.c.h; path = UABaseLocationProvider.h; sourceTree = "<group>"; };
		A09F8ADB18B24F5600A75BA2 /* UAConfig.h */ = {isa = PBXFileReference; fileEncoding = 4; lastKnownFileType = sourcecode.c.h; path = UAConfig.h; sourceTree = "<group>"; };
		A09F8ADC18B24F5600A75BA2 /* UADelayOperation.h */ = {isa = PBXFileReference; fileEncoding = 4; lastKnownFileType = sourcecode.c.h; path = UADelayOperation.h; sourceTree = "<group>"; };
		A09F8ADD18B24F5600A75BA2 /* UAEvent.h */ = {isa = PBXFileReference; fileEncoding = 4; lastKnownFileType = sourcecode.c.h; path = UAEvent.h; sourceTree = "<group>"; };
		A09F8ADE18B24F5600A75BA2 /* UAGlobal.h */ = {isa = PBXFileReference; fileEncoding = 4; lastKnownFileType = sourcecode.c.h; path = UAGlobal.h; sourceTree = "<group>"; };
		A09F8ADF18B24F5600A75BA2 /* UAHTTPConnection.h */ = {isa = PBXFileReference; fileEncoding = 4; lastKnownFileType = sourcecode.c.h; path = UAHTTPConnection.h; sourceTree = "<group>"; };
		A09F8AE018B24F5600A75BA2 /* UAHTTPConnectionOperation.h */ = {isa = PBXFileReference; fileEncoding = 4; lastKnownFileType = sourcecode.c.h; path = UAHTTPConnectionOperation.h; sourceTree = "<group>"; };
		A09F8AE118B24F5600A75BA2 /* UAHTTPRequest.h */ = {isa = PBXFileReference; fileEncoding = 4; lastKnownFileType = sourcecode.c.h; path = UAHTTPRequest.h; sourceTree = "<group>"; };
		A09F8AE218B24F5600A75BA2 /* UAHTTPRequestEngine.h */ = {isa = PBXFileReference; fileEncoding = 4; lastKnownFileType = sourcecode.c.h; path = UAHTTPRequestEngine.h; sourceTree = "<group>"; };
		A09F8AE318B24F5600A75BA2 /* UAirship.h */ = {isa = PBXFileReference; fileEncoding = 4; lastKnownFileType = sourcecode.c.h; path = UAirship.h; sourceTree = "<group>"; };
		A09F8AE418B24F5600A75BA2 /* UAKeychainUtils.h */ = {isa = PBXFileReference; fileEncoding = 4; lastKnownFileType = sourcecode.c.h; path = UAKeychainUtils.h; sourceTree = "<group>"; };
		A09F8AE518B24F5600A75BA2 /* UALocationCommonValues.h */ = {isa = PBXFileReference; fileEncoding = 4; lastKnownFileType = sourcecode.c.h; path = UALocationCommonValues.h; sourceTree = "<group>"; };
		A09F8AE618B24F5600A75BA2 /* UALocationEvent.h */ = {isa = PBXFileReference; fileEncoding = 4; lastKnownFileType = sourcecode.c.h; path = UALocationEvent.h; sourceTree = "<group>"; };
		A09F8AE718B24F5600A75BA2 /* UALocationProviderDelegate.h */ = {isa = PBXFileReference; fileEncoding = 4; lastKnownFileType = sourcecode.c.h; path = UALocationProviderDelegate.h; sourceTree = "<group>"; };
		A09F8AE818B24F5600A75BA2 /* UALocationProviderProtocol.h */ = {isa = PBXFileReference; fileEncoding = 4; lastKnownFileType = sourcecode.c.h; path = UALocationProviderProtocol.h; sourceTree = "<group>"; };
		A09F8AE918B24F5600A75BA2 /* UALocationService.h */ = {isa = PBXFileReference; fileEncoding = 4; lastKnownFileType = sourcecode.c.h; path = UALocationService.h; sourceTree = "<group>"; };
		A09F8AEA18B24F5600A75BA2 /* UAObservable.h */ = {isa = PBXFileReference; fileEncoding = 4; lastKnownFileType = sourcecode.c.h; path = UAObservable.h; sourceTree = "<group>"; };
		A09F8AEB18B24F5600A75BA2 /* UASignificantChangeProvider.h */ = {isa = PBXFileReference; fileEncoding = 4; lastKnownFileType = sourcecode.c.h; path = UASignificantChangeProvider.h; sourceTree = "<group>"; };
		A09F8AEC18B24F5600A75BA2 /* UASQLite.h */ = {isa = PBXFileReference; fileEncoding = 4; lastKnownFileType = sourcecode.c.h; path = UASQLite.h; sourceTree = "<group>"; };
		A09F8AED18B24F5600A75BA2 /* UAStandardLocationProvider.h */ = {isa = PBXFileReference; fileEncoding = 4; lastKnownFileType = sourcecode.c.h; path = UAStandardLocationProvider.h; sourceTree = "<group>"; };
		A09F8AEE18B24F5600A75BA2 /* UATagUtils.h */ = {isa = PBXFileReference; fileEncoding = 4; lastKnownFileType = sourcecode.c.h; path = UATagUtils.h; sourceTree = "<group>"; };
		A09F8AEF18B24F5600A75BA2 /* UAUser.h */ = {isa = PBXFileReference; fileEncoding = 4; lastKnownFileType = sourcecode.c.h; path = UAUser.h; sourceTree = "<group>"; };
		A09F8AF018B24F5600A75BA2 /* UAUserAPIClient.h */ = {isa = PBXFileReference; fileEncoding = 4; lastKnownFileType = sourcecode.c.h; path = UAUserAPIClient.h; sourceTree = "<group>"; };
		A09F8AF118B24F5600A75BA2 /* UAUserData.h */ = {isa = PBXFileReference; fileEncoding = 4; lastKnownFileType = sourcecode.c.h; path = UAUserData.h; sourceTree = "<group>"; };
		A09F8AF218B24F5600A75BA2 /* UAUtils.h */ = {isa = PBXFileReference; fileEncoding = 4; lastKnownFileType = sourcecode.c.h; path = UAUtils.h; sourceTree = "<group>"; };
		A09F8AF418B24F5600A75BA2 /* UA_Base64.h */ = {isa = PBXFileReference; fileEncoding = 4; lastKnownFileType = sourcecode.c.h; path = UA_Base64.h; sourceTree = "<group>"; };
		A09F8AF618B24F5600A75BA2 /* UA_FMDatabase.h */ = {isa = PBXFileReference; fileEncoding = 4; lastKnownFileType = sourcecode.c.h; path = UA_FMDatabase.h; sourceTree = "<group>"; };
		A09F8AF718B24F5600A75BA2 /* UA_FMResultSet.h */ = {isa = PBXFileReference; fileEncoding = 4; lastKnownFileType = sourcecode.c.h; path = UA_FMResultSet.h; sourceTree = "<group>"; };
		A09F8AF918B24F5600A75BA2 /* UA_SBJSON.h */ = {isa = PBXFileReference; fileEncoding = 4; lastKnownFileType = sourcecode.c.h; path = UA_SBJSON.h; sourceTree = "<group>"; };
		A09F8AFA18B24F5600A75BA2 /* UA_SBJsonBase.h */ = {isa = PBXFileReference; fileEncoding = 4; lastKnownFileType = sourcecode.c.h; path = UA_SBJsonBase.h; sourceTree = "<group>"; };
		A09F8AFB18B24F5600A75BA2 /* UA_SBJsonParser.h */ = {isa = PBXFileReference; fileEncoding = 4; lastKnownFileType = sourcecode.c.h; path = UA_SBJsonParser.h; sourceTree = "<group>"; };
		A09F8AFC18B24F5600A75BA2 /* UA_SBJsonWriter.h */ = {isa = PBXFileReference; fileEncoding = 4; lastKnownFileType = sourcecode.c.h; path = UA_SBJsonWriter.h; sourceTree = "<group>"; };
		A09F8AFD18B24F5600A75BA2 /* UA_Reachability.h */ = {isa = PBXFileReference; fileEncoding = 4; lastKnownFileType = sourcecode.c.h; path = UA_Reachability.h; sourceTree = "<group>"; };
		A09F8AFF18B24F5600A75BA2 /* UAInbox.h */ = {isa = PBXFileReference; fileEncoding = 4; lastKnownFileType = sourcecode.c.h; path = UAInbox.h; sourceTree = "<group>"; };
		A09F8B0018B24F5600A75BA2 /* UAInboxAPIClient.h */ = {isa = PBXFileReference; fileEncoding = 4; lastKnownFileType = sourcecode.c.h; path = UAInboxAPIClient.h; sourceTree = "<group>"; };
		A09F8B0118B24F5600A75BA2 /* UAInboxDBManager.h */ = {isa = PBXFileReference; fileEncoding = 4; lastKnownFileType = sourcecode.c.h; path = UAInboxDBManager.h; sourceTree = "<group>"; };
		A09F8B0218B24F5600A75BA2 /* UAInboxDefaultJSDelegate.h */ = {isa = PBXFileReference; fileEncoding = 4; lastKnownFileType = sourcecode.c.h; path = UAInboxDefaultJSDelegate.h; sourceTree = "<group>"; };
		A09F8B0318B24F5600A75BA2 /* UAInboxMessage.h */ = {isa = PBXFileReference; fileEncoding = 4; lastKnownFileType = sourcecode.c.h; path = UAInboxMessage.h; sourceTree = "<group>"; };
		A09F8B0418B24F5600A75BA2 /* UAInboxMessageList.h */ = {isa = PBXFileReference; fileEncoding = 4; lastKnownFileType = sourcecode.c.h; path = UAInboxMessageList.h; sourceTree = "<group>"; };
		A09F8B0518B24F5600A75BA2 /* UAInboxMessageListObserver.h */ = {isa = PBXFileReference; fileEncoding = 4; lastKnownFileType = sourcecode.c.h; path = UAInboxMessageListObserver.h; sourceTree = "<group>"; };
		A09F8B0618B24F5600A75BA2 /* UAInboxPushHandler.h */ = {isa = PBXFileReference; fileEncoding = 4; lastKnownFileType = sourcecode.c.h; path = UAInboxPushHandler.h; sourceTree = "<group>"; };
		A09F8B0718B24F5600A75BA2 /* UAInboxURLCache.h */ = {isa = PBXFileReference; fileEncoding = 4; lastKnownFileType = sourcecode.c.h; path = UAInboxURLCache.h; sourceTree = "<group>"; };
		A09F8B0818B24F5600A75BA2 /* UAInboxUtils.h */ = {isa = PBXFileReference; fileEncoding = 4; lastKnownFileType = sourcecode.c.h; path = UAInboxUtils.h; sourceTree = "<group>"; };
		A09F8B0918B24F5600A75BA2 /* libUAirship-2.1.0.a */ = {isa = PBXFileReference; lastKnownFileType = archive.ar; path = "libUAirship-2.1.0.a"; sourceTree = "<group>"; };
		A09F8B0B18B24F5600A75BA2 /* UADeviceAPIClient.h */ = {isa = PBXFileReference; fileEncoding = 4; lastKnownFileType = sourcecode.c.h; path = UADeviceAPIClient.h; sourceTree = "<group>"; };
		A09F8B0C18B24F5600A75BA2 /* UADeviceRegistrationData.h */ = {isa = PBXFileReference; fileEncoding = 4; lastKnownFileType = sourcecode.c.h; path = UADeviceRegistrationData.h; sourceTree = "<group>"; };
		A09F8B0D18B24F5600A75BA2 /* UADeviceRegistrationPayload.h */ = {isa = PBXFileReference; fileEncoding = 4; lastKnownFileType = sourcecode.c.h; path = UADeviceRegistrationPayload.h; sourceTree = "<group>"; };
		A09F8B0E18B24F5600A75BA2 /* UAPush.h */ = {isa = PBXFileReference; fileEncoding = 4; lastKnownFileType = sourcecode.c.h; path = UAPush.h; sourceTree = "<group>"; };
		A09F8BA318B2511500A75BA2 /* AirshipConfig.plist */ = {isa = PBXFileReference; fileEncoding = 4; lastKnownFileType = text.plist.xml; path = AirshipConfig.plist; sourceTree = SOURCE_ROOT; };
		A09F8BA518B25BF500A75BA2 /* LogEntryCell.h */ = {isa = PBXFileReference; fileEncoding = 4; lastKnownFileType = sourcecode.c.h; path = LogEntryCell.h; sourceTree = "<group>"; };
		A09F8BA618B25BF500A75BA2 /* LogEntryCell.m */ = {isa = PBXFileReference; fileEncoding = 4; lastKnownFileType = sourcecode.c.objc; path = LogEntryCell.m; sourceTree = "<group>"; };
		A0BA5A9518B1F4140090D7AA /* IISideController.h */ = {isa = PBXFileReference; fileEncoding = 4; lastKnownFileType = sourcecode.c.h; path = IISideController.h; sourceTree = "<group>"; };
		A0BA5A9618B1F4140090D7AA /* IISideController.m */ = {isa = PBXFileReference; fileEncoding = 4; lastKnownFileType = sourcecode.c.objc; path = IISideController.m; sourceTree = "<group>"; };
		A0BA5A9718B1F4140090D7AA /* IIViewDeckController.h */ = {isa = PBXFileReference; fileEncoding = 4; lastKnownFileType = sourcecode.c.h; path = IIViewDeckController.h; sourceTree = "<group>"; };
		A0BA5A9818B1F4140090D7AA /* IIViewDeckController.m */ = {isa = PBXFileReference; fileEncoding = 4; lastKnownFileType = sourcecode.c.objc; path = IIViewDeckController.m; sourceTree = "<group>"; };
		A0BA5A9918B1F4140090D7AA /* IIWrapController.h */ = {isa = PBXFileReference; fileEncoding = 4; lastKnownFileType = sourcecode.c.h; path = IIWrapController.h; sourceTree = "<group>"; };
		A0BA5A9A18B1F4140090D7AA /* IIWrapController.m */ = {isa = PBXFileReference; fileEncoding = 4; lastKnownFileType = sourcecode.c.objc; path = IIWrapController.m; sourceTree = "<group>"; };
		A0BA5A9F18B1FA720090D7AA /* LICENSE */ = {isa = PBXFileReference; fileEncoding = 4; lastKnownFileType = text; path = LICENSE; sourceTree = "<group>"; };
		A0BA5AA018B1FA720090D7AA /* NSDate+TimeAgo.h */ = {isa = PBXFileReference; fileEncoding = 4; lastKnownFileType = sourcecode.c.h; path = "NSDate+TimeAgo.h"; sourceTree = "<group>"; };
		A0BA5AA118B1FA720090D7AA /* NSDate+TimeAgo.m */ = {isa = PBXFileReference; fileEncoding = 4; lastKnownFileType = sourcecode.c.objc; path = "NSDate+TimeAgo.m"; sourceTree = "<group>"; };
		A0BA5AA218B1FA720090D7AA /* NSDateTimeAgo.bundle */ = {isa = PBXFileReference; lastKnownFileType = "wrapper.plug-in"; path = NSDateTimeAgo.bundle; sourceTree = "<group>"; };
		A0C1416518B12B070013A8BD /* NSData+Base64_Data.h */ = {isa = PBXFileReference; fileEncoding = 4; lastKnownFileType = sourcecode.c.h; path = "NSData+Base64_Data.h"; sourceTree = "<group>"; };
		A0C1416618B12B070013A8BD /* NSData+Base64_Data.m */ = {isa = PBXFileReference; fileEncoding = 4; lastKnownFileType = sourcecode.c.objc; path = "NSData+Base64_Data.m"; sourceTree = "<group>"; };
		A0D17EA618B0CFDF00B5BFFF /* AFHTTPClient.h */ = {isa = PBXFileReference; fileEncoding = 4; lastKnownFileType = sourcecode.c.h; path = AFHTTPClient.h; sourceTree = "<group>"; };
		A0D17EA718B0CFDF00B5BFFF /* AFHTTPClient.m */ = {isa = PBXFileReference; fileEncoding = 4; lastKnownFileType = sourcecode.c.objc; path = AFHTTPClient.m; sourceTree = "<group>"; };
		A0D17EA818B0CFDF00B5BFFF /* AFHTTPRequestOperation.h */ = {isa = PBXFileReference; fileEncoding = 4; lastKnownFileType = sourcecode.c.h; path = AFHTTPRequestOperation.h; sourceTree = "<group>"; };
		A0D17EA918B0CFDF00B5BFFF /* AFHTTPRequestOperation.m */ = {isa = PBXFileReference; fileEncoding = 4; lastKnownFileType = sourcecode.c.objc; path = AFHTTPRequestOperation.m; sourceTree = "<group>"; };
		A0D17EAA18B0CFDF00B5BFFF /* AFImageRequestOperation.h */ = {isa = PBXFileReference; fileEncoding = 4; lastKnownFileType = sourcecode.c.h; path = AFImageRequestOperation.h; sourceTree = "<group>"; };
		A0D17EAB18B0CFDF00B5BFFF /* AFImageRequestOperation.m */ = {isa = PBXFileReference; fileEncoding = 4; lastKnownFileType = sourcecode.c.objc; path = AFImageRequestOperation.m; sourceTree = "<group>"; };
		A0D17EAC18B0CFDF00B5BFFF /* AFJSONRequestOperation.h */ = {isa = PBXFileReference; fileEncoding = 4; lastKnownFileType = sourcecode.c.h; path = AFJSONRequestOperation.h; sourceTree = "<group>"; };
		A0D17EAD18B0CFDF00B5BFFF /* AFJSONRequestOperation.m */ = {isa = PBXFileReference; fileEncoding = 4; lastKnownFileType = sourcecode.c.objc; path = AFJSONRequestOperation.m; sourceTree = "<group>"; };
		A0D17EAE18B0CFDF00B5BFFF /* AFNetworkActivityIndicatorManager.h */ = {isa = PBXFileReference; fileEncoding = 4; lastKnownFileType = sourcecode.c.h; path = AFNetworkActivityIndicatorManager.h; sourceTree = "<group>"; };
		A0D17EAF18B0CFDF00B5BFFF /* AFNetworkActivityIndicatorManager.m */ = {isa = PBXFileReference; fileEncoding = 4; lastKnownFileType = sourcecode.c.objc; path = AFNetworkActivityIndicatorManager.m; sourceTree = "<group>"; };
		A0D17EB018B0CFDF00B5BFFF /* AFNetworking.h */ = {isa = PBXFileReference; fileEncoding = 4; lastKnownFileType = sourcecode.c.h; path = AFNetworking.h; sourceTree = "<group>"; };
		A0D17EB118B0CFDF00B5BFFF /* AFPropertyListRequestOperation.h */ = {isa = PBXFileReference; fileEncoding = 4; lastKnownFileType = sourcecode.c.h; path = AFPropertyListRequestOperation.h; sourceTree = "<group>"; };
		A0D17EB218B0CFDF00B5BFFF /* AFPropertyListRequestOperation.m */ = {isa = PBXFileReference; fileEncoding = 4; lastKnownFileType = sourcecode.c.objc; path = AFPropertyListRequestOperation.m; sourceTree = "<group>"; };
		A0D17EB318B0CFDF00B5BFFF /* AFURLConnectionOperation.h */ = {isa = PBXFileReference; fileEncoding = 4; lastKnownFileType = sourcecode.c.h; path = AFURLConnectionOperation.h; sourceTree = "<group>"; };
		A0D17EB418B0CFDF00B5BFFF /* AFURLConnectionOperation.m */ = {isa = PBXFileReference; fileEncoding = 4; lastKnownFileType = sourcecode.c.objc; path = AFURLConnectionOperation.m; sourceTree = "<group>"; };
		A0D17EB518B0CFDF00B5BFFF /* AFXMLRequestOperation.h */ = {isa = PBXFileReference; fileEncoding = 4; lastKnownFileType = sourcecode.c.h; path = AFXMLRequestOperation.h; sourceTree = "<group>"; };
		A0D17EB618B0CFDF00B5BFFF /* AFXMLRequestOperation.m */ = {isa = PBXFileReference; fileEncoding = 4; lastKnownFileType = sourcecode.c.objc; path = AFXMLRequestOperation.m; sourceTree = "<group>"; };
		A0D17EB718B0CFDF00B5BFFF /* UIImageView+AFNetworking.h */ = {isa = PBXFileReference; fileEncoding = 4; lastKnownFileType = sourcecode.c.h; path = "UIImageView+AFNetworking.h"; sourceTree = "<group>"; };
		A0D17EB818B0CFDF00B5BFFF /* UIImageView+AFNetworking.m */ = {isa = PBXFileReference; fileEncoding = 4; lastKnownFileType = sourcecode.c.objc; path = "UIImageView+AFNetworking.m"; sourceTree = "<group>"; };
		A0D17EC218B0D3D300B5BFFF /* SystemConfiguration.framework */ = {isa = PBXFileReference; lastKnownFileType = wrapper.framework; name = SystemConfiguration.framework; path = System/Library/Frameworks/SystemConfiguration.framework; sourceTree = SDKROOT; };
		A0D17EC418B0D3DB00B5BFFF /* MobileCoreServices.framework */ = {isa = PBXFileReference; lastKnownFileType = wrapper.framework; name = MobileCoreServices.framework; path = System/Library/Frameworks/MobileCoreServices.framework; sourceTree = SDKROOT; };
		A0D17EC618B0D3E300B5BFFF /* Security.framework */ = {isa = PBXFileReference; lastKnownFileType = wrapper.framework; name = Security.framework; path = System/Library/Frameworks/Security.framework; sourceTree = SDKROOT; };
		A0D17EC918B0D9EC00B5BFFF /* MNMRemoteImageView.h */ = {isa = PBXFileReference; fileEncoding = 4; lastKnownFileType = sourcecode.c.h; path = MNMRemoteImageView.h; sourceTree = "<group>"; };
		A0D17ECA18B0D9EC00B5BFFF /* MNMRemoteImageView.m */ = {isa = PBXFileReference; fileEncoding = 4; lastKnownFileType = sourcecode.c.objc; path = MNMRemoteImageView.m; sourceTree = "<group>"; };
		A0D17ED118B0EC8000B5BFFF /* FacedoorModel.h */ = {isa = PBXFileReference; fileEncoding = 4; lastKnownFileType = sourcecode.c.h; path = FacedoorModel.h; sourceTree = "<group>"; };
		A0D17ED218B0EC8000B5BFFF /* FacedoorModel.m */ = {isa = PBXFileReference; fileEncoding = 4; lastKnownFileType = sourcecode.c.objc; path = FacedoorModel.m; sourceTree = "<group>"; };
		A0D17ED618B0F3FF00B5BFFF /* CLIColor.h */ = {isa = PBXFileReference; fileEncoding = 4; lastKnownFileType = sourcecode.c.h; path = CLIColor.h; sourceTree = "<group>"; };
		A0D17ED718B0F3FF00B5BFFF /* CLIColor.m */ = {isa = PBXFileReference; fileEncoding = 4; lastKnownFileType = sourcecode.c.objc; path = CLIColor.m; sourceTree = "<group>"; };
		A0D17ED818B0F3FF00B5BFFF /* DDAbstractDatabaseLogger.h */ = {isa = PBXFileReference; fileEncoding = 4; lastKnownFileType = sourcecode.c.h; path = DDAbstractDatabaseLogger.h; sourceTree = "<group>"; };
		A0D17ED918B0F3FF00B5BFFF /* DDAbstractDatabaseLogger.m */ = {isa = PBXFileReference; fileEncoding = 4; lastKnownFileType = sourcecode.c.objc; path = DDAbstractDatabaseLogger.m; sourceTree = "<group>"; };
		A0D17EDA18B0F3FF00B5BFFF /* DDASLLogger.h */ = {isa = PBXFileReference; fileEncoding = 4; lastKnownFileType = sourcecode.c.h; path = DDASLLogger.h; sourceTree = "<group>"; };
		A0D17EDB18B0F3FF00B5BFFF /* DDASLLogger.m */ = {isa = PBXFileReference; fileEncoding = 4; lastKnownFileType = sourcecode.c.objc; path = DDASLLogger.m; sourceTree = "<group>"; };
		A0D17EDC18B0F3FF00B5BFFF /* DDFileLogger.h */ = {isa = PBXFileReference; fileEncoding = 4; lastKnownFileType = sourcecode.c.h; path = DDFileLogger.h; sourceTree = "<group>"; };
		A0D17EDD18B0F3FF00B5BFFF /* DDFileLogger.m */ = {isa = PBXFileReference; fileEncoding = 4; lastKnownFileType = sourcecode.c.objc; path = DDFileLogger.m; sourceTree = "<group>"; };
		A0D17EDE18B0F3FF00B5BFFF /* DDLog+LOGV.h */ = {isa = PBXFileReference; fileEncoding = 4; lastKnownFileType = sourcecode.c.h; path = "DDLog+LOGV.h"; sourceTree = "<group>"; };
		A0D17EDF18B0F3FF00B5BFFF /* DDLog.h */ = {isa = PBXFileReference; fileEncoding = 4; lastKnownFileType = sourcecode.c.h; path = DDLog.h; sourceTree = "<group>"; };
		A0D17EE018B0F3FF00B5BFFF /* DDLog.m */ = {isa = PBXFileReference; fileEncoding = 4; lastKnownFileType = sourcecode.c.objc; path = DDLog.m; sourceTree = "<group>"; };
		A0D17EE118B0F3FF00B5BFFF /* DDTTYLogger.h */ = {isa = PBXFileReference; fileEncoding = 4; lastKnownFileType = sourcecode.c.h; path = DDTTYLogger.h; sourceTree = "<group>"; };
		A0D17EE218B0F3FF00B5BFFF /* DDTTYLogger.m */ = {isa = PBXFileReference; fileEncoding = 4; lastKnownFileType = sourcecode.c.objc; path = DDTTYLogger.m; sourceTree = "<group>"; };
		A0D17EE418B0F3FF00B5BFFF /* DDContextFilterLogFormatter.h */ = {isa = PBXFileReference; fileEncoding = 4; lastKnownFileType = sourcecode.c.h; path = DDContextFilterLogFormatter.h; sourceTree = "<group>"; };
		A0D17EE518B0F3FF00B5BFFF /* DDContextFilterLogFormatter.m */ = {isa = PBXFileReference; fileEncoding = 4; lastKnownFileType = sourcecode.c.objc; path = DDContextFilterLogFormatter.m; sourceTree = "<group>"; };
		A0D17EE618B0F3FF00B5BFFF /* DDDispatchQueueLogFormatter.h */ = {isa = PBXFileReference; fileEncoding = 4; lastKnownFileType = sourcecode.c.h; path = DDDispatchQueueLogFormatter.h; sourceTree = "<group>"; };
		A0D17EE718B0F3FF00B5BFFF /* DDDispatchQueueLogFormatter.m */ = {isa = PBXFileReference; fileEncoding = 4; lastKnownFileType = sourcecode.c.objc; path = DDDispatchQueueLogFormatter.m; sourceTree = "<group>"; };
		A0D17EE818B0F3FF00B5BFFF /* DDMultiFormatter.h */ = {isa = PBXFileReference; fileEncoding = 4; lastKnownFileType = sourcecode.c.h; path = DDMultiFormatter.h; sourceTree = "<group>"; };
		A0D17EE918B0F3FF00B5BFFF /* DDMultiFormatter.m */ = {isa = PBXFileReference; fileEncoding = 4; lastKnownFileType = sourcecode.c.objc; path = DDMultiFormatter.m; sourceTree = "<group>"; };
		A0D17EEA18B0F3FF00B5BFFF /* README.txt */ = {isa = PBXFileReference; fileEncoding = 4; lastKnownFileType = text; path = README.txt; sourceTree = "<group>"; };
/* End PBXFileReference section */

/* Begin PBXFrameworksBuildPhase section */
		A062906718B0B32B00A4C5B0 /* Frameworks */ = {
			isa = PBXFrameworksBuildPhase;
			buildActionMask = 2147483647;
			files = (
				A05F678918B2494800EDE205 /* CoreLocation.framework in Frameworks */,
				A05F678718B2494200EDE205 /* CoreTelephony.framework in Frameworks */,
				A05F678518B2493800EDE205 /* libz.dylib in Frameworks */,
				A05F678318B2492600EDE205 /* CFNetwork.framework in Frameworks */,
				A05C3C3A18B20CB3006D9480 /* libsqlite3.dylib in Frameworks */,
				A003037E18B10D2700277897 /* QuartzCore.framework in Frameworks */,
				A0D17EC718B0D3E300B5BFFF /* Security.framework in Frameworks */,
				A0D17EC518B0D3DB00B5BFFF /* MobileCoreServices.framework in Frameworks */,
				A0D17EC318B0D3D300B5BFFF /* SystemConfiguration.framework in Frameworks */,
				A006E4FE18B0C635000BEBA6 /* CoreText.framework in Frameworks */,
				A062906E18B0B32B00A4C5B0 /* UIKit.framework in Frameworks */,
				A062907018B0B32B00A4C5B0 /* Foundation.framework in Frameworks */,
				A062907218B0B32B00A4C5B0 /* CoreGraphics.framework in Frameworks */,
				A09F8B6B18B24F5600A75BA2 /* libUAirship-2.1.0.a in Frameworks */,
			);
			runOnlyForDeploymentPostprocessing = 0;
		};
		A062908C18B0B32B00A4C5B0 /* Frameworks */ = {
			isa = PBXFrameworksBuildPhase;
			buildActionMask = 2147483647;
			files = (
				A062909218B0B32B00A4C5B0 /* SenTestingKit.framework in Frameworks */,
				A062909318B0B32B00A4C5B0 /* UIKit.framework in Frameworks */,
				A062909418B0B32B00A4C5B0 /* Foundation.framework in Frameworks */,
			);
			runOnlyForDeploymentPostprocessing = 0;
		};
/* End PBXFrameworksBuildPhase section */

/* Begin PBXGroup section */
		A006E4BD18B0C4E3000BEBA6 /* ThirdParty */ = {
			isa = PBXGroup;
			children = (
				A09F8AD418B24F5600A75BA2 /* Airship */,
				A05C3C2718B20BEF006D9480 /* FMDB */,
				A0BA5A9E18B1FA720090D7AA /* NSDate-TimeAgo */,
				A0BA5A9418B1F4140090D7AA /* ViewDeck */,
				A05C9D4F18B1098C000AEB6D /* ALAlertBanner */,
				A0D17ED418B0F3FF00B5BFFF /* Lumberjack */,
				A0D17EC818B0D9EC00B5BFFF /* MNMRemoteImageView */,
				A0D17EA518B0CFDF00B5BFFF /* AFNetworking */,
				A006E4BE18B0C4E3000BEBA6 /* FlatUIKit */,
				A006E4E618B0C4E3000BEBA6 /* Spiral Pull */,
			);
			path = ThirdParty;
			sourceTree = "<group>";
		};
		A006E4BE18B0C4E3000BEBA6 /* FlatUIKit */ = {
			isa = PBXGroup;
			children = (
				A006E4BF18B0C4E3000BEBA6 /* FlatUIKit.h */,
				A006E4C018B0C4E3000BEBA6 /* FUIAlertView.h */,
				A006E4C118B0C4E3000BEBA6 /* FUIAlertView.m */,
				A006E4C218B0C4E3000BEBA6 /* FUIButton.h */,
				A006E4C318B0C4E3000BEBA6 /* FUIButton.m */,
				A006E4C418B0C4E3000BEBA6 /* FUICellBackgroundView.h */,
				A006E4C518B0C4E3000BEBA6 /* FUICellBackgroundView.m */,
				A006E4C618B0C4E3000BEBA6 /* FUIPopoverBackgroundView.h */,
				A006E4C718B0C4E3000BEBA6 /* FUIPopoverBackgroundView.m */,
				A006E4C818B0C4E3000BEBA6 /* FUISegmentedControl.h */,
				A006E4C918B0C4E3000BEBA6 /* FUISegmentedControl.m */,
				A006E4CA18B0C4E3000BEBA6 /* FUISwitch.h */,
				A006E4CB18B0C4E3000BEBA6 /* FUISwitch.m */,
				A006E4CC18B0C4E3000BEBA6 /* FUITextField.h */,
				A006E4CD18B0C4E3000BEBA6 /* FUITextField.m */,
				A006E4CE18B0C4E3000BEBA6 /* UIBarButtonItem+FlatUI.h */,
				A006E4CF18B0C4E3000BEBA6 /* UIBarButtonItem+FlatUI.m */,
				A006E4D018B0C4E3000BEBA6 /* UIColor+FlatUI.h */,
				A006E4D118B0C4E3000BEBA6 /* UIColor+FlatUI.m */,
				A006E4D218B0C4E3000BEBA6 /* UIFont+FlatUI.h */,
				A006E4D318B0C4E3000BEBA6 /* UIFont+FlatUI.m */,
				A006E4D418B0C4E3000BEBA6 /* UIImage+FlatUI.h */,
				A006E4D518B0C4E3000BEBA6 /* UIImage+FlatUI.m */,
				A006E4D618B0C4E3000BEBA6 /* UINavigationBar+FlatUI.h */,
				A006E4D718B0C4E3000BEBA6 /* UINavigationBar+FlatUI.m */,
				A006E4D818B0C4E3000BEBA6 /* UIPopoverController+FlatUI.h */,
				A006E4D918B0C4E3000BEBA6 /* UIPopoverController+FlatUI.m */,
				A006E4DA18B0C4E3000BEBA6 /* UIProgressView+FlatUI.h */,
				A006E4DB18B0C4E3000BEBA6 /* UIProgressView+FlatUI.m */,
				A006E4DC18B0C4E3000BEBA6 /* UISlider+FlatUI.h */,
				A006E4DD18B0C4E3000BEBA6 /* UISlider+FlatUI.m */,
				A006E4DE18B0C4E3000BEBA6 /* UIStepper+FlatUI.h */,
				A006E4DF18B0C4E3000BEBA6 /* UIStepper+FlatUI.m */,
				A006E4E018B0C4E3000BEBA6 /* UITabBar+FlatUI.h */,
				A006E4E118B0C4E3000BEBA6 /* UITabBar+FlatUI.m */,
				A006E4E218B0C4E3000BEBA6 /* UITableViewCell+FlatUI.h */,
				A006E4E318B0C4E3000BEBA6 /* UITableViewCell+FlatUI.m */,
				A006E4E418B0C4E3000BEBA6 /* UIToolbar+FlatUI.h */,
				A006E4E518B0C4E3000BEBA6 /* UIToolbar+FlatUI.m */,
			);
			path = FlatUIKit;
			sourceTree = "<group>";
		};
		A006E4E618B0C4E3000BEBA6 /* Spiral Pull */ = {
			isa = PBXGroup;
			children = (
				A006E4E718B0C4E3000BEBA6 /* UIScrollView+SpiralPullToRefresh.h */,
				A006E4E818B0C4E3000BEBA6 /* UIScrollView+SpiralPullToRefresh.m */,
			);
			path = "Spiral Pull";
			sourceTree = "<group>";
		};
		A05C3C2718B20BEF006D9480 /* FMDB */ = {
			isa = PBXGroup;
			children = (
				A05C3C2818B20BEF006D9480 /* FMDatabase.h */,
				A05C3C2918B20BEF006D9480 /* FMDatabase.m */,
				A05C3C2C18B20BEF006D9480 /* FMDatabasePool.h */,
				A05C3C2D18B20BEF006D9480 /* FMDatabasePool.m */,
				A05C3C2E18B20BEF006D9480 /* FMDatabaseQueue.h */,
				A05C3C2F18B20BEF006D9480 /* FMDatabaseQueue.m */,
				A05C3C3118B20BEF006D9480 /* FMResultSet.h */,
				A05C3C3218B20BEF006D9480 /* FMResultSet.m */,
			);
			path = FMDB;
			sourceTree = "<group>";
		};
		A05C9D4F18B1098C000AEB6D /* ALAlertBanner */ = {
			isa = PBXGroup;
			children = (
				A05C9D5018B1098C000AEB6D /* ALAlertBanner+Private.h */,
				A05C9D5118B1098C000AEB6D /* ALAlertBanner.h */,
				A05C9D5218B1098C000AEB6D /* ALAlertBanner.m */,
				A05C9D5318B1098C000AEB6D /* ALAlertBannerManager.h */,
				A05C9D5418B1098C000AEB6D /* ALAlertBannerManager.m */,
				A05C9D5518B1098C000AEB6D /* Images */,
			);
			path = ALAlertBanner;
			sourceTree = "<group>";
		};
		A05C9D5518B1098C000AEB6D /* Images */ = {
			isa = PBXGroup;
			children = (
				A05C9D5618B1098C000AEB6D /* bannerAlert.png */,
				A05C9D5718B1098C000AEB6D /* bannerAlert@2x.png */,
				A05C9D5818B1098C000AEB6D /* bannerFailure.png */,
				A05C9D5918B1098C000AEB6D /* bannerFailure@2x.png */,
				A05C9D5A18B1098C000AEB6D /* bannerNotify.png */,
				A05C9D5B18B1098C000AEB6D /* bannerNotify@2x.png */,
				A05C9D5C18B1098C000AEB6D /* bannerSuccess.png */,
				A05C9D5D18B1098C000AEB6D /* bannerSuccess@2x.png */,
			);
			path = Images;
			sourceTree = "<group>";
		};
		A05F66B318B242C500EDE205 /* History */ = {
			isa = PBXGroup;
			children = (
				A05C3C2118B201A5006D9480 /* HistoryLogModel.h */,
				A05C3C2218B201A5006D9480 /* HistoryLogModel.m */,
				A05C3C2418B209AE006D9480 /* LogEntry.h */,
				A05C3C2518B209AE006D9480 /* LogEntry.m */,
				A05C3C3B18B20DF8006D9480 /* HistoryViewController.h */,
				A05C3C3C18B20DF8006D9480 /* HistoryViewController.m */,
				A09F8BA518B25BF500A75BA2 /* LogEntryCell.h */,
				A09F8BA618B25BF500A75BA2 /* LogEntryCell.m */,
			);
			name = History;
			sourceTree = "<group>";
		};
		A05F66B418B242DA00EDE205 /* Utils */ = {
			isa = PBXGroup;
			children = (
				A0C1416518B12B070013A8BD /* NSData+Base64_Data.h */,
				A0C1416618B12B070013A8BD /* NSData+Base64_Data.m */,
			);
			name = Utils;
			sourceTree = "<group>";
		};
		A062906118B0B32B00A4C5B0 = {
			isa = PBXGroup;
			children = (
				A062907318B0B32B00A4C5B0 /* Facedoor */,
				A062909718B0B32B00A4C5B0 /* FacedoorTests */,
				A062906C18B0B32B00A4C5B0 /* Frameworks */,
				A062906B18B0B32B00A4C5B0 /* Products */,
				A006E4BD18B0C4E3000BEBA6 /* ThirdParty */,
			);
			sourceTree = "<group>";
		};
		A062906B18B0B32B00A4C5B0 /* Products */ = {
			isa = PBXGroup;
			children = (
				A062906A18B0B32B00A4C5B0 /* Facedoor.app */,
				A062909018B0B32B00A4C5B0 /* FacedoorTests.octest */,
			);
			name = Products;
			sourceTree = "<group>";
		};
		A062906C18B0B32B00A4C5B0 /* Frameworks */ = {
			isa = PBXGroup;
			children = (
				A05F678818B2494800EDE205 /* CoreLocation.framework */,
				A05F678618B2494200EDE205 /* CoreTelephony.framework */,
				A05F678418B2493800EDE205 /* libz.dylib */,
				A05F678218B2492600EDE205 /* CFNetwork.framework */,
				A05C3C3918B20CB3006D9480 /* libsqlite3.dylib */,
				A003037D18B10D2700277897 /* QuartzCore.framework */,
				A0D17EC618B0D3E300B5BFFF /* Security.framework */,
				A0D17EC418B0D3DB00B5BFFF /* MobileCoreServices.framework */,
				A0D17EC218B0D3D300B5BFFF /* SystemConfiguration.framework */,
				A006E4FD18B0C635000BEBA6 /* CoreText.framework */,
				A062906D18B0B32B00A4C5B0 /* UIKit.framework */,
				A062906F18B0B32B00A4C5B0 /* Foundation.framework */,
				A062907118B0B32B00A4C5B0 /* CoreGraphics.framework */,
				A062909118B0B32B00A4C5B0 /* SenTestingKit.framework */,
			);
			name = Frameworks;
			sourceTree = "<group>";
		};
		A062907318B0B32B00A4C5B0 /* Facedoor */ = {
			isa = PBXGroup;
			children = (
				A062907C18B0B32B00A4C5B0 /* AppDelegate.h */,
				A062907D18B0B32B00A4C5B0 /* AppDelegate.m */,
				A062908518B0B32B00A4C5B0 /* MainStoryboard.storyboard */,
				A062908818B0B32B00A4C5B0 /* ViewController.h */,
				A062908918B0B32B00A4C5B0 /* ViewController.m */,
				A062907418B0B32B00A4C5B0 /* Supporting Files */,
				A0D17ED118B0EC8000B5BFFF /* FacedoorModel.h */,
				A0D17ED218B0EC8000B5BFFF /* FacedoorModel.m */,
				A05F66B418B242DA00EDE205 /* Utils */,
				A05F66B318B242C500EDE205 /* History */,
			);
			path = Facedoor;
			sourceTree = "<group>";
		};
		A062907418B0B32B00A4C5B0 /* Supporting Files */ = {
			isa = PBXGroup;
			children = (
				A09F8BA318B2511500A75BA2 /* AirshipConfig.plist */,
				A062907518B0B32B00A4C5B0 /* Facedoor-Info.plist */,
				A062907618B0B32B00A4C5B0 /* InfoPlist.strings */,
				A062907918B0B32B00A4C5B0 /* main.m */,
				A062907B18B0B32B00A4C5B0 /* Facedoor-Prefix.pch */,
				A062907F18B0B32B00A4C5B0 /* Default.png */,
				A062908118B0B32B00A4C5B0 /* Default@2x.png */,
				A062908318B0B32B00A4C5B0 /* Default-568h@2x.png */,
			);
			name = "Supporting Files";
			sourceTree = "<group>";
		};
		A062909718B0B32B00A4C5B0 /* FacedoorTests */ = {
			isa = PBXGroup;
			children = (
				A062909D18B0B32B00A4C5B0 /* FacedoorTests.h */,
				A062909E18B0B32B00A4C5B0 /* FacedoorTests.m */,
				A062909818B0B32B00A4C5B0 /* Supporting Files */,
			);
			path = FacedoorTests;
			sourceTree = "<group>";
		};
		A062909818B0B32B00A4C5B0 /* Supporting Files */ = {
			isa = PBXGroup;
			children = (
				A062909918B0B32B00A4C5B0 /* FacedoorTests-Info.plist */,
				A062909A18B0B32B00A4C5B0 /* InfoPlist.strings */,
			);
			name = "Supporting Files";
			sourceTree = "<group>";
		};
		A09F8AD418B24F5600A75BA2 /* Airship */ = {
			isa = PBXGroup;
			children = (
				A09F8AD518B24F5600A75BA2 /* Common */,
				A09F8AF318B24F5600A75BA2 /* External */,
				A09F8AFE18B24F5600A75BA2 /* Inbox */,
				A09F8B0918B24F5600A75BA2 /* libUAirship-2.1.0.a */,
				A09F8B0A18B24F5600A75BA2 /* Push */,
			);
			path = Airship;
			sourceTree = "<group>";
		};
		A09F8AD518B24F5600A75BA2 /* Common */ = {
			isa = PBXGroup;
			children = (
				A09F8AD618B24F5600A75BA2 /* UAAnalytics.h */,
				A09F8AD718B24F5600A75BA2 /* UAAnalyticsDBManager.h */,
				A09F8AD818B24F5600A75BA2 /* UAAutoAppDelegate.h */,
				A09F8AD918B24F5600A75BA2 /* UABaseAppDelegateSurrogate.h */,
				A09F8ADA18B24F5600A75BA2 /* UABaseLocationProvider.h */,
				A09F8ADB18B24F5600A75BA2 /* UAConfig.h */,
				A09F8ADC18B24F5600A75BA2 /* UADelayOperation.h */,
				A09F8ADD18B24F5600A75BA2 /* UAEvent.h */,
				A09F8ADE18B24F5600A75BA2 /* UAGlobal.h */,
				A09F8ADF18B24F5600A75BA2 /* UAHTTPConnection.h */,
				A09F8AE018B24F5600A75BA2 /* UAHTTPConnectionOperation.h */,
				A09F8AE118B24F5600A75BA2 /* UAHTTPRequest.h */,
				A09F8AE218B24F5600A75BA2 /* UAHTTPRequestEngine.h */,
				A09F8AE318B24F5600A75BA2 /* UAirship.h */,
				A09F8AE418B24F5600A75BA2 /* UAKeychainUtils.h */,
				A09F8AE518B24F5600A75BA2 /* UALocationCommonValues.h */,
				A09F8AE618B24F5600A75BA2 /* UALocationEvent.h */,
				A09F8AE718B24F5600A75BA2 /* UALocationProviderDelegate.h */,
				A09F8AE818B24F5600A75BA2 /* UALocationProviderProtocol.h */,
				A09F8AE918B24F5600A75BA2 /* UALocationService.h */,
				A09F8AEA18B24F5600A75BA2 /* UAObservable.h */,
				A09F8AEB18B24F5600A75BA2 /* UASignificantChangeProvider.h */,
				A09F8AEC18B24F5600A75BA2 /* UASQLite.h */,
				A09F8AED18B24F5600A75BA2 /* UAStandardLocationProvider.h */,
				A09F8AEE18B24F5600A75BA2 /* UATagUtils.h */,
				A09F8AEF18B24F5600A75BA2 /* UAUser.h */,
				A09F8AF018B24F5600A75BA2 /* UAUserAPIClient.h */,
				A09F8AF118B24F5600A75BA2 /* UAUserData.h */,
				A09F8AF218B24F5600A75BA2 /* UAUtils.h */,
			);
			path = Common;
			sourceTree = "<group>";
		};
		A09F8AF318B24F5600A75BA2 /* External */ = {
			isa = PBXGroup;
			children = (
				A09F8AF418B24F5600A75BA2 /* UA_Base64.h */,
				A09F8AF518B24F5600A75BA2 /* UA_fmdb */,
				A09F8AF818B24F5600A75BA2 /* UA_json-framework */,
				A09F8AFD18B24F5600A75BA2 /* UA_Reachability.h */,
			);
			path = External;
			sourceTree = "<group>";
		};
		A09F8AF518B24F5600A75BA2 /* UA_fmdb */ = {
			isa = PBXGroup;
			children = (
				A09F8AF618B24F5600A75BA2 /* UA_FMDatabase.h */,
				A09F8AF718B24F5600A75BA2 /* UA_FMResultSet.h */,
			);
			path = UA_fmdb;
			sourceTree = "<group>";
		};
		A09F8AF818B24F5600A75BA2 /* UA_json-framework */ = {
			isa = PBXGroup;
			children = (
				A09F8AF918B24F5600A75BA2 /* UA_SBJSON.h */,
				A09F8AFA18B24F5600A75BA2 /* UA_SBJsonBase.h */,
				A09F8AFB18B24F5600A75BA2 /* UA_SBJsonParser.h */,
				A09F8AFC18B24F5600A75BA2 /* UA_SBJsonWriter.h */,
			);
			path = "UA_json-framework";
			sourceTree = "<group>";
		};
		A09F8AFE18B24F5600A75BA2 /* Inbox */ = {
			isa = PBXGroup;
			children = (
				A09F8AFF18B24F5600A75BA2 /* UAInbox.h */,
				A09F8B0018B24F5600A75BA2 /* UAInboxAPIClient.h */,
				A09F8B0118B24F5600A75BA2 /* UAInboxDBManager.h */,
				A09F8B0218B24F5600A75BA2 /* UAInboxDefaultJSDelegate.h */,
				A09F8B0318B24F5600A75BA2 /* UAInboxMessage.h */,
				A09F8B0418B24F5600A75BA2 /* UAInboxMessageList.h */,
				A09F8B0518B24F5600A75BA2 /* UAInboxMessageListObserver.h */,
				A09F8B0618B24F5600A75BA2 /* UAInboxPushHandler.h */,
				A09F8B0718B24F5600A75BA2 /* UAInboxURLCache.h */,
				A09F8B0818B24F5600A75BA2 /* UAInboxUtils.h */,
			);
			path = Inbox;
			sourceTree = "<group>";
		};
		A09F8B0A18B24F5600A75BA2 /* Push */ = {
			isa = PBXGroup;
			children = (
				A09F8B0B18B24F5600A75BA2 /* UADeviceAPIClient.h */,
				A09F8B0C18B24F5600A75BA2 /* UADeviceRegistrationData.h */,
				A09F8B0D18B24F5600A75BA2 /* UADeviceRegistrationPayload.h */,
				A09F8B0E18B24F5600A75BA2 /* UAPush.h */,
			);
			path = Push;
			sourceTree = "<group>";
		};
		A0BA5A9418B1F4140090D7AA /* ViewDeck */ = {
			isa = PBXGroup;
			children = (
				A0BA5A9518B1F4140090D7AA /* IISideController.h */,
				A0BA5A9618B1F4140090D7AA /* IISideController.m */,
				A0BA5A9718B1F4140090D7AA /* IIViewDeckController.h */,
				A0BA5A9818B1F4140090D7AA /* IIViewDeckController.m */,
				A0BA5A9918B1F4140090D7AA /* IIWrapController.h */,
				A0BA5A9A18B1F4140090D7AA /* IIWrapController.m */,
			);
			path = ViewDeck;
			sourceTree = "<group>";
		};
		A0BA5A9E18B1FA720090D7AA /* NSDate-TimeAgo */ = {
			isa = PBXGroup;
			children = (
				A0BA5A9F18B1FA720090D7AA /* LICENSE */,
				A0BA5AA018B1FA720090D7AA /* NSDate+TimeAgo.h */,
				A0BA5AA118B1FA720090D7AA /* NSDate+TimeAgo.m */,
				A0BA5AA218B1FA720090D7AA /* NSDateTimeAgo.bundle */,
			);
			path = "NSDate-TimeAgo";
			sourceTree = "<group>";
		};
		A0D17EA518B0CFDF00B5BFFF /* AFNetworking */ = {
			isa = PBXGroup;
			children = (
				A0D17EA618B0CFDF00B5BFFF /* AFHTTPClient.h */,
				A0D17EA718B0CFDF00B5BFFF /* AFHTTPClient.m */,
				A0D17EA818B0CFDF00B5BFFF /* AFHTTPRequestOperation.h */,
				A0D17EA918B0CFDF00B5BFFF /* AFHTTPRequestOperation.m */,
				A0D17EAA18B0CFDF00B5BFFF /* AFImageRequestOperation.h */,
				A0D17EAB18B0CFDF00B5BFFF /* AFImageRequestOperation.m */,
				A0D17EAC18B0CFDF00B5BFFF /* AFJSONRequestOperation.h */,
				A0D17EAD18B0CFDF00B5BFFF /* AFJSONRequestOperation.m */,
				A0D17EAE18B0CFDF00B5BFFF /* AFNetworkActivityIndicatorManager.h */,
				A0D17EAF18B0CFDF00B5BFFF /* AFNetworkActivityIndicatorManager.m */,
				A0D17EB018B0CFDF00B5BFFF /* AFNetworking.h */,
				A0D17EB118B0CFDF00B5BFFF /* AFPropertyListRequestOperation.h */,
				A0D17EB218B0CFDF00B5BFFF /* AFPropertyListRequestOperation.m */,
				A0D17EB318B0CFDF00B5BFFF /* AFURLConnectionOperation.h */,
				A0D17EB418B0CFDF00B5BFFF /* AFURLConnectionOperation.m */,
				A0D17EB518B0CFDF00B5BFFF /* AFXMLRequestOperation.h */,
				A0D17EB618B0CFDF00B5BFFF /* AFXMLRequestOperation.m */,
				A0D17EB718B0CFDF00B5BFFF /* UIImageView+AFNetworking.h */,
				A0D17EB818B0CFDF00B5BFFF /* UIImageView+AFNetworking.m */,
			);
			path = AFNetworking;
			sourceTree = "<group>";
		};
		A0D17EC818B0D9EC00B5BFFF /* MNMRemoteImageView */ = {
			isa = PBXGroup;
			children = (
				A0D17EC918B0D9EC00B5BFFF /* MNMRemoteImageView.h */,
				A0D17ECA18B0D9EC00B5BFFF /* MNMRemoteImageView.m */,
			);
			path = MNMRemoteImageView;
			sourceTree = "<group>";
		};
		A0D17ED418B0F3FF00B5BFFF /* Lumberjack */ = {
			isa = PBXGroup;
			children = (
				A0D17ED518B0F3FF00B5BFFF /* CLI */,
				A0D17ED818B0F3FF00B5BFFF /* DDAbstractDatabaseLogger.h */,
				A0D17ED918B0F3FF00B5BFFF /* DDAbstractDatabaseLogger.m */,
				A0D17EDA18B0F3FF00B5BFFF /* DDASLLogger.h */,
				A0D17EDB18B0F3FF00B5BFFF /* DDASLLogger.m */,
				A0D17EDC18B0F3FF00B5BFFF /* DDFileLogger.h */,
				A0D17EDD18B0F3FF00B5BFFF /* DDFileLogger.m */,
				A0D17EDE18B0F3FF00B5BFFF /* DDLog+LOGV.h */,
				A0D17EDF18B0F3FF00B5BFFF /* DDLog.h */,
				A0D17EE018B0F3FF00B5BFFF /* DDLog.m */,
				A0D17EE118B0F3FF00B5BFFF /* DDTTYLogger.h */,
				A0D17EE218B0F3FF00B5BFFF /* DDTTYLogger.m */,
				A0D17EE318B0F3FF00B5BFFF /* Extensions */,
			);
			path = Lumberjack;
			sourceTree = "<group>";
		};
		A0D17ED518B0F3FF00B5BFFF /* CLI */ = {
			isa = PBXGroup;
			children = (
				A0D17ED618B0F3FF00B5BFFF /* CLIColor.h */,
				A0D17ED718B0F3FF00B5BFFF /* CLIColor.m */,
			);
			path = CLI;
			sourceTree = "<group>";
		};
		A0D17EE318B0F3FF00B5BFFF /* Extensions */ = {
			isa = PBXGroup;
			children = (
				A0D17EE418B0F3FF00B5BFFF /* DDContextFilterLogFormatter.h */,
				A0D17EE518B0F3FF00B5BFFF /* DDContextFilterLogFormatter.m */,
				A0D17EE618B0F3FF00B5BFFF /* DDDispatchQueueLogFormatter.h */,
				A0D17EE718B0F3FF00B5BFFF /* DDDispatchQueueLogFormatter.m */,
				A0D17EE818B0F3FF00B5BFFF /* DDMultiFormatter.h */,
				A0D17EE918B0F3FF00B5BFFF /* DDMultiFormatter.m */,
				A0D17EEA18B0F3FF00B5BFFF /* README.txt */,
			);
			path = Extensions;
			sourceTree = "<group>";
		};
/* End PBXGroup section */

/* Begin PBXNativeTarget section */
		A062906918B0B32B00A4C5B0 /* Facedoor */ = {
			isa = PBXNativeTarget;
			buildConfigurationList = A06290A218B0B32B00A4C5B0 /* Build configuration list for PBXNativeTarget "Facedoor" */;
			buildPhases = (
				A062906618B0B32B00A4C5B0 /* Sources */,
				A062906718B0B32B00A4C5B0 /* Frameworks */,
				A062906818B0B32B00A4C5B0 /* Resources */,
			);
			buildRules = (
			);
			dependencies = (
			);
			name = Facedoor;
			productName = Facedoor;
			productReference = A062906A18B0B32B00A4C5B0 /* Facedoor.app */;
			productType = "com.apple.product-type.application";
		};
		A062908F18B0B32B00A4C5B0 /* FacedoorTests */ = {
			isa = PBXNativeTarget;
			buildConfigurationList = A06290A518B0B32B00A4C5B0 /* Build configuration list for PBXNativeTarget "FacedoorTests" */;
			buildPhases = (
				A062908B18B0B32B00A4C5B0 /* Sources */,
				A062908C18B0B32B00A4C5B0 /* Frameworks */,
				A062908D18B0B32B00A4C5B0 /* Resources */,
				A062908E18B0B32B00A4C5B0 /* ShellScript */,
			);
			buildRules = (
			);
			dependencies = (
				A062909618B0B32B00A4C5B0 /* PBXTargetDependency */,
			);
			name = FacedoorTests;
			productName = FacedoorTests;
			productReference = A062909018B0B32B00A4C5B0 /* FacedoorTests.octest */;
			productType = "com.apple.product-type.bundle";
		};
/* End PBXNativeTarget section */

/* Begin PBXProject section */
		A062906218B0B32B00A4C5B0 /* Project object */ = {
			isa = PBXProject;
			attributes = {
				LastUpgradeCheck = 0460;
				ORGANIZATIONNAME = "Twina, Tamir [ICG-IT]";
			};
			buildConfigurationList = A062906518B0B32B00A4C5B0 /* Build configuration list for PBXProject "Facedoor" */;
			compatibilityVersion = "Xcode 3.2";
			developmentRegion = English;
			hasScannedForEncodings = 0;
			knownRegions = (
				en,
			);
			mainGroup = A062906118B0B32B00A4C5B0;
			productRefGroup = A062906B18B0B32B00A4C5B0 /* Products */;
			projectDirPath = "";
			projectRoot = "";
			targets = (
				A062906918B0B32B00A4C5B0 /* Facedoor */,
				A062908F18B0B32B00A4C5B0 /* FacedoorTests */,
			);
		};
/* End PBXProject section */

/* Begin PBXResourcesBuildPhase section */
		A062906818B0B32B00A4C5B0 /* Resources */ = {
			isa = PBXResourcesBuildPhase;
			buildActionMask = 2147483647;
			files = (
				A062907818B0B32B00A4C5B0 /* InfoPlist.strings in Resources */,
				A062908018B0B32B00A4C5B0 /* Default.png in Resources */,
				A062908218B0B32B00A4C5B0 /* Default@2x.png in Resources */,
				A062908418B0B32B00A4C5B0 /* Default-568h@2x.png in Resources */,
				A062908718B0B32B00A4C5B0 /* MainStoryboard.storyboard in Resources */,
				A0D17EF418B0F3FF00B5BFFF /* README.txt in Resources */,
				A05C9D6018B1098C000AEB6D /* bannerAlert.png in Resources */,
				A05C9D6118B1098C000AEB6D /* bannerAlert@2x.png in Resources */,
				A05C9D6218B1098C000AEB6D /* bannerFailure.png in Resources */,
				A05C9D6318B1098C000AEB6D /* bannerFailure@2x.png in Resources */,
				A05C9D6418B1098C000AEB6D /* bannerNotify.png in Resources */,
				A05C9D6518B1098C000AEB6D /* bannerNotify@2x.png in Resources */,
				A05C9D6618B1098C000AEB6D /* bannerSuccess.png in Resources */,
				A05C9D6718B1098C000AEB6D /* bannerSuccess@2x.png in Resources */,
				A0BA5AA318B1FA720090D7AA /* LICENSE in Resources */,
				A0BA5AA518B1FA720090D7AA /* NSDateTimeAgo.bundle in Resources */,
				A09F8BA418B2511500A75BA2 /* AirshipConfig.plist in Resources */,
			);
			runOnlyForDeploymentPostprocessing = 0;
		};
		A062908D18B0B32B00A4C5B0 /* Resources */ = {
			isa = PBXResourcesBuildPhase;
			buildActionMask = 2147483647;
			files = (
				A062909C18B0B32B00A4C5B0 /* InfoPlist.strings in Resources */,
			);
			runOnlyForDeploymentPostprocessing = 0;
		};
/* End PBXResourcesBuildPhase section */

/* Begin PBXShellScriptBuildPhase section */
		A062908E18B0B32B00A4C5B0 /* ShellScript */ = {
			isa = PBXShellScriptBuildPhase;
			buildActionMask = 2147483647;
			files = (
			);
			inputPaths = (
			);
			outputPaths = (
			);
			runOnlyForDeploymentPostprocessing = 0;
			shellPath = /bin/sh;
			shellScript = "# Run the unit tests in this test bundle.\n\"${SYSTEM_DEVELOPER_DIR}/Tools/RunUnitTests\"\n";
		};
/* End PBXShellScriptBuildPhase section */

/* Begin PBXSourcesBuildPhase section */
		A062906618B0B32B00A4C5B0 /* Sources */ = {
			isa = PBXSourcesBuildPhase;
			buildActionMask = 2147483647;
			files = (
				A062907A18B0B32B00A4C5B0 /* main.m in Sources */,
				A062907E18B0B32B00A4C5B0 /* AppDelegate.m in Sources */,
				A062908A18B0B32B00A4C5B0 /* ViewController.m in Sources */,
				A006E4E918B0C4E3000BEBA6 /* FUIAlertView.m in Sources */,
				A006E4EA18B0C4E3000BEBA6 /* FUIButton.m in Sources */,
				A006E4EB18B0C4E3000BEBA6 /* FUICellBackgroundView.m in Sources */,
				A006E4EC18B0C4E3000BEBA6 /* FUIPopoverBackgroundView.m in Sources */,
				A006E4ED18B0C4E3000BEBA6 /* FUISegmentedControl.m in Sources */,
				A006E4EE18B0C4E3000BEBA6 /* FUISwitch.m in Sources */,
				A006E4EF18B0C4E3000BEBA6 /* FUITextField.m in Sources */,
				A006E4F018B0C4E3000BEBA6 /* UIBarButtonItem+FlatUI.m in Sources */,
				A006E4F118B0C4E3000BEBA6 /* UIColor+FlatUI.m in Sources */,
				A006E4F218B0C4E3000BEBA6 /* UIFont+FlatUI.m in Sources */,
				A006E4F318B0C4E3000BEBA6 /* UIImage+FlatUI.m in Sources */,
				A006E4F418B0C4E3000BEBA6 /* UINavigationBar+FlatUI.m in Sources */,
				A006E4F518B0C4E3000BEBA6 /* UIPopoverController+FlatUI.m in Sources */,
				A006E4F618B0C4E3000BEBA6 /* UIProgressView+FlatUI.m in Sources */,
				A006E4F718B0C4E3000BEBA6 /* UISlider+FlatUI.m in Sources */,
				A006E4F818B0C4E3000BEBA6 /* UIStepper+FlatUI.m in Sources */,
				A006E4F918B0C4E3000BEBA6 /* UITabBar+FlatUI.m in Sources */,
				A006E4FA18B0C4E3000BEBA6 /* UITableViewCell+FlatUI.m in Sources */,
				A006E4FB18B0C4E3000BEBA6 /* UIToolbar+FlatUI.m in Sources */,
				A006E4FC18B0C4E3000BEBA6 /* UIScrollView+SpiralPullToRefresh.m in Sources */,
				A0D17EB918B0CFDF00B5BFFF /* AFHTTPClient.m in Sources */,
				A0D17EBA18B0CFDF00B5BFFF /* AFHTTPRequestOperation.m in Sources */,
				A0D17EBB18B0CFDF00B5BFFF /* AFImageRequestOperation.m in Sources */,
				A0D17EBC18B0CFDF00B5BFFF /* AFJSONRequestOperation.m in Sources */,
				A0D17EBD18B0CFDF00B5BFFF /* AFNetworkActivityIndicatorManager.m in Sources */,
				A0D17EBE18B0CFDF00B5BFFF /* AFPropertyListRequestOperation.m in Sources */,
				A0D17EBF18B0CFDF00B5BFFF /* AFURLConnectionOperation.m in Sources */,
				A0D17EC018B0CFDF00B5BFFF /* AFXMLRequestOperation.m in Sources */,
				A0D17EC118B0CFDF00B5BFFF /* UIImageView+AFNetworking.m in Sources */,
				A0D17ECB18B0D9EC00B5BFFF /* MNMRemoteImageView.m in Sources */,
				A0D17ED318B0EC8000B5BFFF /* FacedoorModel.m in Sources */,
				A0D17EEB18B0F3FF00B5BFFF /* CLIColor.m in Sources */,
				A0D17EEC18B0F3FF00B5BFFF /* DDAbstractDatabaseLogger.m in Sources */,
				A0D17EED18B0F3FF00B5BFFF /* DDASLLogger.m in Sources */,
				A0D17EEE18B0F3FF00B5BFFF /* DDFileLogger.m in Sources */,
				A0D17EEF18B0F3FF00B5BFFF /* DDLog.m in Sources */,
				A0D17EF018B0F3FF00B5BFFF /* DDTTYLogger.m in Sources */,
				A0D17EF118B0F3FF00B5BFFF /* DDContextFilterLogFormatter.m in Sources */,
				A0D17EF218B0F3FF00B5BFFF /* DDDispatchQueueLogFormatter.m in Sources */,
				A0D17EF318B0F3FF00B5BFFF /* DDMultiFormatter.m in Sources */,
				A05C9D5E18B1098C000AEB6D /* ALAlertBanner.m in Sources */,
				A05C9D5F18B1098C000AEB6D /* ALAlertBannerManager.m in Sources */,
				A0C1416718B12B070013A8BD /* NSData+Base64_Data.m in Sources */,
				A0BA5A9B18B1F4140090D7AA /* IISideController.m in Sources */,
				A0BA5A9C18B1F4140090D7AA /* IIViewDeckController.m in Sources */,
				A0BA5A9D18B1F4140090D7AA /* IIWrapController.m in Sources */,
				A0BA5AA418B1FA720090D7AA /* NSDate+TimeAgo.m in Sources */,
				A05C3C2318B201A5006D9480 /* HistoryLogModel.m in Sources */,
				A05C3C2618B209AF006D9480 /* LogEntry.m in Sources */,
				A05C3C3318B20BEF006D9480 /* FMDatabase.m in Sources */,
				A05C3C3518B20BEF006D9480 /* FMDatabasePool.m in Sources */,
				A05C3C3618B20BEF006D9480 /* FMDatabaseQueue.m in Sources */,
				A05C3C3818B20BEF006D9480 /* FMResultSet.m in Sources */,
				A05C3C3D18B20DF8006D9480 /* HistoryViewController.m in Sources */,
				A09F8BA718B25BF500A75BA2 /* LogEntryCell.m in Sources */,
			);
			runOnlyForDeploymentPostprocessing = 0;
		};
		A062908B18B0B32B00A4C5B0 /* Sources */ = {
			isa = PBXSourcesBuildPhase;
			buildActionMask = 2147483647;
			files = (
				A062909F18B0B32B00A4C5B0 /* FacedoorTests.m in Sources */,
			);
			runOnlyForDeploymentPostprocessing = 0;
		};
/* End PBXSourcesBuildPhase section */

/* Begin PBXTargetDependency section */
		A062909618B0B32B00A4C5B0 /* PBXTargetDependency */ = {
			isa = PBXTargetDependency;
			target = A062906918B0B32B00A4C5B0 /* Facedoor */;
			targetProxy = A062909518B0B32B00A4C5B0 /* PBXContainerItemProxy */;
		};
/* End PBXTargetDependency section */

/* Begin PBXVariantGroup section */
		A062907618B0B32B00A4C5B0 /* InfoPlist.strings */ = {
			isa = PBXVariantGroup;
			children = (
				A062907718B0B32B00A4C5B0 /* en */,
			);
			name = InfoPlist.strings;
			sourceTree = "<group>";
		};
		A062908518B0B32B00A4C5B0 /* MainStoryboard.storyboard */ = {
			isa = PBXVariantGroup;
			children = (
				A062908618B0B32B00A4C5B0 /* en */,
			);
			name = MainStoryboard.storyboard;
			sourceTree = "<group>";
		};
		A062909A18B0B32B00A4C5B0 /* InfoPlist.strings */ = {
			isa = PBXVariantGroup;
			children = (
				A062909B18B0B32B00A4C5B0 /* en */,
			);
			name = InfoPlist.strings;
			sourceTree = "<group>";
		};
/* End PBXVariantGroup section */

/* Begin XCBuildConfiguration section */
		A06290A018B0B32B00A4C5B0 /* Debug */ = {
			isa = XCBuildConfiguration;
			buildSettings = {
				ALWAYS_SEARCH_USER_PATHS = NO;
				CLANG_CXX_LANGUAGE_STANDARD = "gnu++0x";
				CLANG_CXX_LIBRARY = "libc++";
				CLANG_ENABLE_OBJC_ARC = YES;
				CLANG_WARN_CONSTANT_CONVERSION = YES;
				CLANG_WARN_EMPTY_BODY = YES;
				CLANG_WARN_ENUM_CONVERSION = YES;
				CLANG_WARN_INT_CONVERSION = YES;
				CLANG_WARN__DUPLICATE_METHOD_MATCH = YES;
				"CODE_SIGN_IDENTITY[sdk=iphoneos*]" = "iPhone Developer";
				COPY_PHASE_STRIP = NO;
				GCC_C_LANGUAGE_STANDARD = gnu99;
				GCC_DYNAMIC_NO_PIC = NO;
				GCC_OPTIMIZATION_LEVEL = 0;
				GCC_PREPROCESSOR_DEFINITIONS = (
					"DEBUG=1",
					"$(inherited)",
				);
				GCC_SYMBOLS_PRIVATE_EXTERN = NO;
				GCC_WARN_ABOUT_RETURN_TYPE = YES;
				GCC_WARN_UNINITIALIZED_AUTOS = YES;
				GCC_WARN_UNUSED_VARIABLE = YES;
				IPHONEOS_DEPLOYMENT_TARGET = 6.1;
				ONLY_ACTIVE_ARCH = YES;
				SDKROOT = iphoneos;
			};
			name = Debug;
		};
		A06290A118B0B32B00A4C5B0 /* Release */ = {
			isa = XCBuildConfiguration;
			buildSettings = {
				ALWAYS_SEARCH_USER_PATHS = NO;
				CLANG_CXX_LANGUAGE_STANDARD = "gnu++0x";
				CLANG_CXX_LIBRARY = "libc++";
				CLANG_ENABLE_OBJC_ARC = YES;
				CLANG_WARN_CONSTANT_CONVERSION = YES;
				CLANG_WARN_EMPTY_BODY = YES;
				CLANG_WARN_ENUM_CONVERSION = YES;
				CLANG_WARN_INT_CONVERSION = YES;
				CLANG_WARN__DUPLICATE_METHOD_MATCH = YES;
				"CODE_SIGN_IDENTITY[sdk=iphoneos*]" = "iPhone Developer";
				COPY_PHASE_STRIP = YES;
				GCC_C_LANGUAGE_STANDARD = gnu99;
				GCC_WARN_ABOUT_RETURN_TYPE = YES;
				GCC_WARN_UNINITIALIZED_AUTOS = YES;
				GCC_WARN_UNUSED_VARIABLE = YES;
				IPHONEOS_DEPLOYMENT_TARGET = 6.1;
				OTHER_CFLAGS = "-DNS_BLOCK_ASSERTIONS=1";
				SDKROOT = iphoneos;
				VALIDATE_PRODUCT = YES;
			};
			name = Release;
		};
		A06290A318B0B32B00A4C5B0 /* Debug */ = {
			isa = XCBuildConfiguration;
			buildSettings = {
				GCC_PRECOMPILE_PREFIX_HEADER = YES;
				GCC_PREFIX_HEADER = "Facedoor/Facedoor-Prefix.pch";
				HEADER_SEARCH_PATHS = "$(SRCROOT)/ThirdParty/Airship/**";
				INFOPLIST_FILE = "Facedoor/Facedoor-Info.plist";
				LIBRARY_SEARCH_PATHS = (
					"$(inherited)",
					"\"$(SRCROOT)/ThirdParty/Airship\"",
				);
				OTHER_LDFLAGS = "-ObjC";
				PRODUCT_NAME = "$(TARGET_NAME)";
				WRAPPER_EXTENSION = app;
			};
			name = Debug;
		};
		A06290A418B0B32B00A4C5B0 /* Release */ = {
			isa = XCBuildConfiguration;
			buildSettings = {
				GCC_PRECOMPILE_PREFIX_HEADER = YES;
				GCC_PREFIX_HEADER = "Facedoor/Facedoor-Prefix.pch";
				HEADER_SEARCH_PATHS = "$(SRCROOT)/ThirdParty/Airship/**";
				INFOPLIST_FILE = "Facedoor/Facedoor-Info.plist";
				LIBRARY_SEARCH_PATHS = (
					"$(inherited)",
					"\"$(SRCROOT)/ThirdParty/Airship\"",
				);
				OTHER_LDFLAGS = "-ObjC";
				PRODUCT_NAME = "$(TARGET_NAME)";
				WRAPPER_EXTENSION = app;
			};
			name = Release;
		};
		A06290A618B0B32B00A4C5B0 /* Debug */ = {
			isa = XCBuildConfiguration;
			buildSettings = {
				BUNDLE_LOADER = "$(BUILT_PRODUCTS_DIR)/Facedoor.app/Facedoor";
				FRAMEWORK_SEARCH_PATHS = (
					"\"$(SDKROOT)/Developer/Library/Frameworks\"",
					"\"$(DEVELOPER_LIBRARY_DIR)/Frameworks\"",
				);
				GCC_PRECOMPILE_PREFIX_HEADER = YES;
				GCC_PREFIX_HEADER = "Facedoor/Facedoor-Prefix.pch";
				INFOPLIST_FILE = "FacedoorTests/FacedoorTests-Info.plist";
				PRODUCT_NAME = "$(TARGET_NAME)";
				TEST_HOST = "$(BUNDLE_LOADER)";
				WRAPPER_EXTENSION = octest;
			};
			name = Debug;
		};
		A06290A718B0B32B00A4C5B0 /* Release */ = {
			isa = XCBuildConfiguration;
			buildSettings = {
				BUNDLE_LOADER = "$(BUILT_PRODUCTS_DIR)/Facedoor.app/Facedoor";
				FRAMEWORK_SEARCH_PATHS = (
					"\"$(SDKROOT)/Developer/Library/Frameworks\"",
					"\"$(DEVELOPER_LIBRARY_DIR)/Frameworks\"",
				);
				GCC_PRECOMPILE_PREFIX_HEADER = YES;
				GCC_PREFIX_HEADER = "Facedoor/Facedoor-Prefix.pch";
				INFOPLIST_FILE = "FacedoorTests/FacedoorTests-Info.plist";
				PRODUCT_NAME = "$(TARGET_NAME)";
				TEST_HOST = "$(BUNDLE_LOADER)";
				WRAPPER_EXTENSION = octest;
			};
			name = Release;
		};
/* End XCBuildConfiguration section */

/* Begin XCConfigurationList section */
		A062906518B0B32B00A4C5B0 /* Build configuration list for PBXProject "Facedoor" */ = {
			isa = XCConfigurationList;
			buildConfigurations = (
				A06290A018B0B32B00A4C5B0 /* Debug */,
				A06290A118B0B32B00A4C5B0 /* Release */,
			);
			defaultConfigurationIsVisible = 0;
			defaultConfigurationName = Release;
		};
		A06290A218B0B32B00A4C5B0 /* Build configuration list for PBXNativeTarget "Facedoor" */ = {
			isa = XCConfigurationList;
			buildConfigurations = (
				A06290A318B0B32B00A4C5B0 /* Debug */,
				A06290A418B0B32B00A4C5B0 /* Release */,
			);
			defaultConfigurationIsVisible = 0;
			defaultConfigurationName = Release;
		};
		A06290A518B0B32B00A4C5B0 /* Build configuration list for PBXNativeTarget "FacedoorTests" */ = {
			isa = XCConfigurationList;
			buildConfigurations = (
				A06290A618B0B32B00A4C5B0 /* Debug */,
				A06290A718B0B32B00A4C5B0 /* Release */,
			);
			defaultConfigurationIsVisible = 0;
			defaultConfigurationName = Release;
		};
/* End XCConfigurationList section */
	};
	rootObject = A062906218B0B32B00A4C5B0 /* Project object */;
}
